// !$*UTF8*$!
{
	archiveVersion = 1;
	classes = {
	};
	objectVersion = 46;
	objects = {

/* Begin PBXBuildFile section */
		014D454A9748BFB755667198 /* MBBlinkIdMultiSideRecognizerWrapper.h in Headers */ = {isa = PBXBuildFile; fileRef = 2AB94640BAB5BDBEC46E48E7 /* MBBlinkIdMultiSideRecognizerWrapper.h */; };
		05374FA69B002034993C75A0 /* MBBlinkIDModule.h in Headers */ = {isa = PBXBuildFile; fileRef = 45374176AE53FE9729A61768 /* MBBlinkIDModule.h */; };
		08DD47C5A0D9FFC9B92ACB11 /* MBBlinkIdOverlaySettingsSerialization.h in Headers */ = {isa = PBXBuildFile; fileRef = A20B448CBC594985500AD524 /* MBBlinkIdOverlaySettingsSerialization.h */; };
		214347A1B19B3DAE4957B24E /* MBUsdlRecognizerWrapper.h in Headers */ = {isa = PBXBuildFile; fileRef = 3A3E4F358D3A545D2321C0AA /* MBUsdlRecognizerWrapper.h */; };
		22C548F89817E26D48CE8470 /* MBDocumentOverlaySettingsSerialization.h in Headers */ = {isa = PBXBuildFile; fileRef = 08CC4719B183870B2728212B /* MBDocumentOverlaySettingsSerialization.h */; };
		29224844AF02FC0898B27A4A /* MBDocumentVerificationOverlaySettingsSerialization.m in Sources */ = {isa = PBXBuildFile; fileRef = 49254456A55ADBA30EC8902F /* MBDocumentVerificationOverlaySettingsSerialization.m */; };
		31AF41C489B847E16505CC20 /* MBDocumentOverlaySettingsSerialization.m in Sources */ = {isa = PBXBuildFile; fileRef = CFEA4E8FB19D535904AA9C79 /* MBDocumentOverlaySettingsSerialization.m */; };
		34434E38ADB1A19FA6CC74C7 /* MBOverlaySerializationUtils.h in Headers */ = {isa = PBXBuildFile; fileRef = 456549D29ADF7D9925AA3BE9 /* MBOverlaySerializationUtils.h */; };
		38984D88ABEBC25798663902 /* MBOverlayViewControllerDelegate.h in Headers */ = {isa = PBXBuildFile; fileRef = A57047D098301A67BF9DA665 /* MBOverlayViewControllerDelegate.h */; };
		4083437EB667F1055DB4FF01 /* MBCommonSerializationUtils.h in Headers */ = {isa = PBXBuildFile; fileRef = 50C24CEE8D057E757D06F0F8 /* MBCommonSerializationUtils.h */; };
		43DA40C0A082AAD4B19C8DFD /* MBVisaRecognizerWrapper.h in Headers */ = {isa = PBXBuildFile; fileRef = B72B4948B58CA4C5F3EF2154 /* MBVisaRecognizerWrapper.h */; };
		49154F748A12276E4A4BEC9F /* MBRecognizerSerializers.h in Headers */ = {isa = PBXBuildFile; fileRef = E9794B80950D4D91D23DCFA5 /* MBRecognizerSerializers.h */; };
		4B474C9D9A0A4793BF5B34BC /* MBUsdlCombinedRecognizerWrapper.h in Headers */ = {isa = PBXBuildFile; fileRef = 33F1487892261676984DEBEA /* MBUsdlCombinedRecognizerWrapper.h */; };
		54C946A0A57402E0A0DB7D1F /* MBMrtdCombinedRecognizerWrapper.m in Sources */ = {isa = PBXBuildFile; fileRef = E7F041D98AF640BF1EB7F210 /* MBMrtdCombinedRecognizerWrapper.m */; };
		5B7A4B3597ADDED7D9E061C3 /* MBDocumentFaceRecognizerWrapper.h in Headers */ = {isa = PBXBuildFile; fileRef = C2AC469CAB1578100128482B /* MBDocumentFaceRecognizerWrapper.h */; };
		5C0C40BAB26E8731E22BB99E /* MBMrtdRecognizerWrapper.m in Sources */ = {isa = PBXBuildFile; fileRef = 85CB40E8AA99EC784D2035D6 /* MBMrtdRecognizerWrapper.m */; };
		5DF94E20B6FE2B705B00F464 /* MBSerializationUtils.h in Headers */ = {isa = PBXBuildFile; fileRef = 7449468F846D946A89FCFFA1 /* MBSerializationUtils.h */; };
		62784550AE06CF01730E0DF4 /* MBOverlayVCCreator.h in Headers */ = {isa = PBXBuildFile; fileRef = FE7A48E2BF83F0CB9EBB6813 /* MBOverlayVCCreator.h */; };
		6A3049019A3647349FE56913 /* MBPassportRecognizerWrapper.h in Headers */ = {isa = PBXBuildFile; fileRef = 6A07477F8F95B8A9E016A73C /* MBPassportRecognizerWrapper.h */; };
		6F1E4E8D97C4B84242CF7565 /* MBMrtdCombinedRecognizerWrapper.h in Headers */ = {isa = PBXBuildFile; fileRef = 214A44E5AEE37A14B54073FB /* MBMrtdCombinedRecognizerWrapper.h */; };
		761C48C1A07E3BC5CF8C0B82 /* MBOverlaySettingsSerializers.h in Headers */ = {isa = PBXBuildFile; fileRef = CE1D46E189BC17D43DE6B7DF /* MBOverlaySettingsSerializers.h */; };
		76B94C60B62841A1AEE0FBA0 /* MBBlinkIDSerializationUtils.h in Headers */ = {isa = PBXBuildFile; fileRef = 1B814843B79B168B57D52464 /* MBBlinkIDSerializationUtils.h */; };
		788F46959F38D418798C6CD5 /* MBBlinkIdOverlaySettingsSerialization.m in Sources */ = {isa = PBXBuildFile; fileRef = 0DD44E05A76E47C200A1D1CF /* MBBlinkIdOverlaySettingsSerialization.m */; };
		7BFF45EAB0B8ACBF2B3C9D56 /* MBCommonSerializationUtils.m in Sources */ = {isa = PBXBuildFile; fileRef = 078448A3993C7B224F944A4E /* MBCommonSerializationUtils.m */; };
		7EEC41AFAA1F25B114D747BD /* MBMrtdRecognizerWrapper.h in Headers */ = {isa = PBXBuildFile; fileRef = C3CD4978B843C9DFD63F479B /* MBMrtdRecognizerWrapper.h */; };
		821D46A4986D59EC1863A7F0 /* MBRecognizerWrapper.m in Sources */ = {isa = PBXBuildFile; fileRef = E33549539BF4B86F8FE99880 /* MBRecognizerWrapper.m */; };
		846A48C5802C5DAADA3F5E13 /* MBBlinkIdMultiSideRecognizerWrapper.m in Sources */ = {isa = PBXBuildFile; fileRef = 63444E26AA010E5F7C6BFB33 /* MBBlinkIdMultiSideRecognizerWrapper.m */; };
		92924001ACFA9E7BB4CB77B5 /* MBVisaRecognizerWrapper.m in Sources */ = {isa = PBXBuildFile; fileRef = B79241ED9B80892CCAF2D02E /* MBVisaRecognizerWrapper.m */; };
		A0CC4460A8E9DC2D6899FED3 /* MBDocumentVerificationOverlaySettingsSerialization.h in Headers */ = {isa = PBXBuildFile; fileRef = 56DA4D02AAD69425310F450C /* MBDocumentVerificationOverlaySettingsSerialization.h */; };
		A1C0478095DF8CED4D6D7E5F /* MBRecognizerSerializers.m in Sources */ = {isa = PBXBuildFile; fileRef = EA4341A683E4B094A53F39EF /* MBRecognizerSerializers.m */; };
		A27CCA401E9E5D8D00BED675 /* Accelerate.framework in Frameworks */ = {isa = PBXBuildFile; fileRef = A27CCA3A1E9E57CF00BED675 /* Accelerate.framework */; };
		A27CCA421E9E5D9400BED675 /* CoreFoundation.framework in Frameworks */ = {isa = PBXBuildFile; fileRef = A27CCA411E9E5D9400BED675 /* CoreFoundation.framework */; };
		A27CCA431E9E5D9900BED675 /* AudioToolbox.framework in Frameworks */ = {isa = PBXBuildFile; fileRef = A27CCA381E9E57C900BED675 /* AudioToolbox.framework */; };
		A27CCA441E9E5DAE00BED675 /* CoreMedia.framework in Frameworks */ = {isa = PBXBuildFile; fileRef = A27CCA3E1E9E57DA00BED675 /* CoreMedia.framework */; };
		ADD740D5AD5C157115012263 /* MBOverlaySettingsSerializers.m in Sources */ = {isa = PBXBuildFile; fileRef = 8FF04F2C8E23EE2C7ED2FB17 /* MBOverlaySettingsSerializers.m */; };
		B1634C25830847279EF5366A /* MBPassportRecognizerWrapper.m in Sources */ = {isa = PBXBuildFile; fileRef = 98CA47CCA8979B4AB396FBA2 /* MBPassportRecognizerWrapper.m */; };
		B3AA419DB004684FE35791DF /* MBOverlaySerializationUtils.m in Sources */ = {isa = PBXBuildFile; fileRef = 29C74325B353BE5EB8772FC9 /* MBOverlaySerializationUtils.m */; };
		B7124EF69D7F6B69A438919E /* MBUsdlRecognizerWrapper.m in Sources */ = {isa = PBXBuildFile; fileRef = 1C9B4E6987FB9480106251D8 /* MBUsdlRecognizerWrapper.m */; };
		BA0A44EC8AE2CBA89D539DD3 /* MBBlinkIdSingleSideRecognizerWrapper.h in Headers */ = {isa = PBXBuildFile; fileRef = E9CC4A0586914109515F73D1 /* MBBlinkIdSingleSideRecognizerWrapper.h */; };
		BB944656BA26F053CA275FF4 /* MBSuccessFrameGrabberRecognizerWrapper.m in Sources */ = {isa = PBXBuildFile; fileRef = 8E0E469C9307D83C40B74319 /* MBSuccessFrameGrabberRecognizerWrapper.m */; };
		BE6A40CEBD780E144B119621 /* MBIdBarcodeRecognizerWrapper.h in Headers */ = {isa = PBXBuildFile; fileRef = 4D9140CBB99B45A5F1C97037 /* MBIdBarcodeRecognizerWrapper.h */; };
		C0EF4D74AE366F527B1EDA11 /* MBIdBarcodeRecognizerWrapper.m in Sources */ = {isa = PBXBuildFile; fileRef = 5D354765A5F8FE945D886D9F /* MBIdBarcodeRecognizerWrapper.m */; };
		C4DD4D59A76EF971CC4806D9 /* MBSuccessFrameGrabberRecognizerWrapper.h in Headers */ = {isa = PBXBuildFile; fileRef = 4B2E4B1099D7BE51B5BB7760 /* MBSuccessFrameGrabberRecognizerWrapper.h */; };
		CFAA463CB41A2F884EF91F86 /* MBSerializationUtils.m in Sources */ = {isa = PBXBuildFile; fileRef = 4A6A4C6BA725C5AAF420E66C /* MBSerializationUtils.m */; };
		D2194FC0993DCC20A2F43B34 /* MBUsdlCombinedRecognizerWrapper.m in Sources */ = {isa = PBXBuildFile; fileRef = 812A4E41B8C68322A3CB5BAA /* MBUsdlCombinedRecognizerWrapper.m */; };
		D81C4F10B69C92A4F84E5363 /* MBBlinkIdSingleSideRecognizerWrapper.m in Sources */ = {isa = PBXBuildFile; fileRef = 6A3140B7A11FC0BDAD341FF3 /* MBBlinkIdSingleSideRecognizerWrapper.m */; };
		EE4945AABE323EFB90330D41 /* MBRecognizerWrapper.h in Headers */ = {isa = PBXBuildFile; fileRef = FB3642CC92B555ABD8AC0E00 /* MBRecognizerWrapper.h */; };
		F595499895CBD9ADF9115E25 /* MBDocumentFaceRecognizerWrapper.m in Sources */ = {isa = PBXBuildFile; fileRef = 367F43D7A7AF2B121A4269DD /* MBDocumentFaceRecognizerWrapper.m */; };
		F7F34909BBBC5AEE8C77A2C8 /* MBBlinkIDModule.m in Sources */ = {isa = PBXBuildFile; fileRef = FF9C467EA71DCD659F3CCE9E /* MBBlinkIDModule.m */; };
		FDF64FD18317C18FC03F577A /* MBBlinkIDSerializationUtils.m in Sources */ = {isa = PBXBuildFile; fileRef = 035C48C5BE0A003A1E85130D /* MBBlinkIDSerializationUtils.m */; };
/* End PBXBuildFile section */

/* Begin PBXCopyFilesBuildPhase section */
		A27CCA291E9E57A500BED675 /* CopyFiles */ = {
			isa = PBXCopyFilesBuildPhase;
			buildActionMask = 2147483647;
			dstPath = "include/$(PRODUCT_NAME)";
			dstSubfolderSpec = 16;
			files = (
			);
			runOnlyForDeploymentPostprocessing = 0;
		};
/* End PBXCopyFilesBuildPhase section */

/* Begin PBXFileReference section */
		035C48C5BE0A003A1E85130D /* MBBlinkIDSerializationUtils.m */ = {isa = PBXFileReference; lastKnownFileType = sourcecode.c.objc; name = MBBlinkIDSerializationUtils.m; path = MicroblinkModule/MBBlinkIDSerializationUtils.m; sourceTree = "<group>"; };
		078448A3993C7B224F944A4E /* MBCommonSerializationUtils.m */ = {isa = PBXFileReference; lastKnownFileType = sourcecode.c.objc; name = MBCommonSerializationUtils.m; path = MicroblinkModule/MBCommonSerializationUtils.m; sourceTree = "<group>"; };
		08CC4719B183870B2728212B /* MBDocumentOverlaySettingsSerialization.h */ = {isa = PBXFileReference; lastKnownFileType = sourcecode.c.h; name = MBDocumentOverlaySettingsSerialization.h; path = MicroblinkModule/Overlays/Serialization/MBDocumentOverlaySettingsSerialization.h; sourceTree = "<group>"; };
		0DD44E05A76E47C200A1D1CF /* MBBlinkIdOverlaySettingsSerialization.m */ = {isa = PBXFileReference; lastKnownFileType = sourcecode.c.objc; name = MBBlinkIdOverlaySettingsSerialization.m; path = MicroblinkModule/Overlays/Serialization/MBBlinkIdOverlaySettingsSerialization.m; sourceTree = "<group>"; };
		1B814843B79B168B57D52464 /* MBBlinkIDSerializationUtils.h */ = {isa = PBXFileReference; lastKnownFileType = sourcecode.c.h; name = MBBlinkIDSerializationUtils.h; path = MicroblinkModule/MBBlinkIDSerializationUtils.h; sourceTree = "<group>"; };
		1C9B4E6987FB9480106251D8 /* MBUsdlRecognizerWrapper.m */ = {isa = PBXFileReference; lastKnownFileType = sourcecode.c.objc; name = MBUsdlRecognizerWrapper.m; path = MicroblinkModule/Recognizers/Wrappers/MBUsdlRecognizerWrapper.m; sourceTree = "<group>"; };
		214A44E5AEE37A14B54073FB /* MBMrtdCombinedRecognizerWrapper.h */ = {isa = PBXFileReference; lastKnownFileType = sourcecode.c.h; name = MBMrtdCombinedRecognizerWrapper.h; path = MicroblinkModule/Recognizers/Wrappers/MBMrtdCombinedRecognizerWrapper.h; sourceTree = "<group>"; };
		29C74325B353BE5EB8772FC9 /* MBOverlaySerializationUtils.m */ = {isa = PBXFileReference; lastKnownFileType = sourcecode.c.objc; name = MBOverlaySerializationUtils.m; path = MicroblinkModule/Overlays/MBOverlaySerializationUtils.m; sourceTree = "<group>"; };
		2AB94640BAB5BDBEC46E48E7 /* MBBlinkIdMultiSideRecognizerWrapper.h */ = {isa = PBXFileReference; lastKnownFileType = sourcecode.c.h; name = MBBlinkIdMultiSideRecognizerWrapper.h; path = MicroblinkModule/Recognizers/Wrappers/MBBlinkIdMultiSideRecognizerWrapper.h; sourceTree = "<group>"; };
		33F1487892261676984DEBEA /* MBUsdlCombinedRecognizerWrapper.h */ = {isa = PBXFileReference; lastKnownFileType = sourcecode.c.h; name = MBUsdlCombinedRecognizerWrapper.h; path = MicroblinkModule/Recognizers/Wrappers/MBUsdlCombinedRecognizerWrapper.h; sourceTree = "<group>"; };
		367F43D7A7AF2B121A4269DD /* MBDocumentFaceRecognizerWrapper.m */ = {isa = PBXFileReference; lastKnownFileType = sourcecode.c.objc; name = MBDocumentFaceRecognizerWrapper.m; path = MicroblinkModule/Recognizers/Wrappers/MBDocumentFaceRecognizerWrapper.m; sourceTree = "<group>"; };
		3A3E4F358D3A545D2321C0AA /* MBUsdlRecognizerWrapper.h */ = {isa = PBXFileReference; lastKnownFileType = sourcecode.c.h; name = MBUsdlRecognizerWrapper.h; path = MicroblinkModule/Recognizers/Wrappers/MBUsdlRecognizerWrapper.h; sourceTree = "<group>"; };
		45374176AE53FE9729A61768 /* MBBlinkIDModule.h */ = {isa = PBXFileReference; lastKnownFileType = sourcecode.c.h; name = MBBlinkIDModule.h; path = MicroblinkModule/MBBlinkIDModule.h; sourceTree = "<group>"; };
		456549D29ADF7D9925AA3BE9 /* MBOverlaySerializationUtils.h */ = {isa = PBXFileReference; lastKnownFileType = sourcecode.c.h; name = MBOverlaySerializationUtils.h; path = MicroblinkModule/Overlays/MBOverlaySerializationUtils.h; sourceTree = "<group>"; };
		49254456A55ADBA30EC8902F /* MBDocumentVerificationOverlaySettingsSerialization.m */ = {isa = PBXFileReference; lastKnownFileType = sourcecode.c.objc; name = MBDocumentVerificationOverlaySettingsSerialization.m; path = MicroblinkModule/Overlays/Serialization/MBDocumentVerificationOverlaySettingsSerialization.m; sourceTree = "<group>"; };
		4A6A4C6BA725C5AAF420E66C /* MBSerializationUtils.m */ = {isa = PBXFileReference; lastKnownFileType = sourcecode.c.objc; name = MBSerializationUtils.m; path = MicroblinkModule/MBSerializationUtils.m; sourceTree = "<group>"; };
		4B2E4B1099D7BE51B5BB7760 /* MBSuccessFrameGrabberRecognizerWrapper.h */ = {isa = PBXFileReference; lastKnownFileType = sourcecode.c.h; name = MBSuccessFrameGrabberRecognizerWrapper.h; path = MicroblinkModule/Recognizers/Wrappers/MBSuccessFrameGrabberRecognizerWrapper.h; sourceTree = "<group>"; };
		4D9140CBB99B45A5F1C97037 /* MBIdBarcodeRecognizerWrapper.h */ = {isa = PBXFileReference; lastKnownFileType = sourcecode.c.h; name = MBIdBarcodeRecognizerWrapper.h; path = MicroblinkModule/Recognizers/Wrappers/MBIdBarcodeRecognizerWrapper.h; sourceTree = "<group>"; };
		50C24CEE8D057E757D06F0F8 /* MBCommonSerializationUtils.h */ = {isa = PBXFileReference; lastKnownFileType = sourcecode.c.h; name = MBCommonSerializationUtils.h; path = MicroblinkModule/MBCommonSerializationUtils.h; sourceTree = "<group>"; };
		56DA4D02AAD69425310F450C /* MBDocumentVerificationOverlaySettingsSerialization.h */ = {isa = PBXFileReference; lastKnownFileType = sourcecode.c.h; name = MBDocumentVerificationOverlaySettingsSerialization.h; path = MicroblinkModule/Overlays/Serialization/MBDocumentVerificationOverlaySettingsSerialization.h; sourceTree = "<group>"; };
		5D354765A5F8FE945D886D9F /* MBIdBarcodeRecognizerWrapper.m */ = {isa = PBXFileReference; lastKnownFileType = sourcecode.c.objc; name = MBIdBarcodeRecognizerWrapper.m; path = MicroblinkModule/Recognizers/Wrappers/MBIdBarcodeRecognizerWrapper.m; sourceTree = "<group>"; };
		63444E26AA010E5F7C6BFB33 /* MBBlinkIdMultiSideRecognizerWrapper.m */ = {isa = PBXFileReference; lastKnownFileType = sourcecode.c.objc; name = MBBlinkIdMultiSideRecognizerWrapper.m; path = MicroblinkModule/Recognizers/Wrappers/MBBlinkIdMultiSideRecognizerWrapper.m; sourceTree = "<group>"; };
		6A07477F8F95B8A9E016A73C /* MBPassportRecognizerWrapper.h */ = {isa = PBXFileReference; lastKnownFileType = sourcecode.c.h; name = MBPassportRecognizerWrapper.h; path = MicroblinkModule/Recognizers/Wrappers/MBPassportRecognizerWrapper.h; sourceTree = "<group>"; };
		6A3140B7A11FC0BDAD341FF3 /* MBBlinkIdSingleSideRecognizerWrapper.m */ = {isa = PBXFileReference; lastKnownFileType = sourcecode.c.objc; name = MBBlinkIdSingleSideRecognizerWrapper.m; path = MicroblinkModule/Recognizers/Wrappers/MBBlinkIdSingleSideRecognizerWrapper.m; sourceTree = "<group>"; };
		7449468F846D946A89FCFFA1 /* MBSerializationUtils.h */ = {isa = PBXFileReference; lastKnownFileType = sourcecode.c.h; name = MBSerializationUtils.h; path = MicroblinkModule/MBSerializationUtils.h; sourceTree = "<group>"; };
		812A4E41B8C68322A3CB5BAA /* MBUsdlCombinedRecognizerWrapper.m */ = {isa = PBXFileReference; lastKnownFileType = sourcecode.c.objc; name = MBUsdlCombinedRecognizerWrapper.m; path = MicroblinkModule/Recognizers/Wrappers/MBUsdlCombinedRecognizerWrapper.m; sourceTree = "<group>"; };
		85CB40E8AA99EC784D2035D6 /* MBMrtdRecognizerWrapper.m */ = {isa = PBXFileReference; lastKnownFileType = sourcecode.c.objc; name = MBMrtdRecognizerWrapper.m; path = MicroblinkModule/Recognizers/Wrappers/MBMrtdRecognizerWrapper.m; sourceTree = "<group>"; };
		8E0E469C9307D83C40B74319 /* MBSuccessFrameGrabberRecognizerWrapper.m */ = {isa = PBXFileReference; lastKnownFileType = sourcecode.c.objc; name = MBSuccessFrameGrabberRecognizerWrapper.m; path = MicroblinkModule/Recognizers/Wrappers/MBSuccessFrameGrabberRecognizerWrapper.m; sourceTree = "<group>"; };
		8FF04F2C8E23EE2C7ED2FB17 /* MBOverlaySettingsSerializers.m */ = {isa = PBXFileReference; lastKnownFileType = sourcecode.c.objc; name = MBOverlaySettingsSerializers.m; path = MicroblinkModule/Overlays/MBOverlaySettingsSerializers.m; sourceTree = "<group>"; };
		98CA47CCA8979B4AB396FBA2 /* MBPassportRecognizerWrapper.m */ = {isa = PBXFileReference; lastKnownFileType = sourcecode.c.objc; name = MBPassportRecognizerWrapper.m; path = MicroblinkModule/Recognizers/Wrappers/MBPassportRecognizerWrapper.m; sourceTree = "<group>"; };
		A20B448CBC594985500AD524 /* MBBlinkIdOverlaySettingsSerialization.h */ = {isa = PBXFileReference; lastKnownFileType = sourcecode.c.h; name = MBBlinkIdOverlaySettingsSerialization.h; path = MicroblinkModule/Overlays/Serialization/MBBlinkIdOverlaySettingsSerialization.h; sourceTree = "<group>"; };
		A27CCA2B1E9E57A500BED675 /* libMicroblinkModule.a */ = {isa = PBXFileReference; explicitFileType = archive.ar; includeInIndex = 0; path = libMicroblinkModule.a; sourceTree = BUILT_PRODUCTS_DIR; };
		A27CCA381E9E57C900BED675 /* AudioToolbox.framework */ = {isa = PBXFileReference; lastKnownFileType = wrapper.framework; name = AudioToolbox.framework; path = System/Library/Frameworks/AudioToolbox.framework; sourceTree = SDKROOT; };
		A27CCA3A1E9E57CF00BED675 /* Accelerate.framework */ = {isa = PBXFileReference; lastKnownFileType = wrapper.framework; name = Accelerate.framework; path = System/Library/Frameworks/Accelerate.framework; sourceTree = SDKROOT; };
		A27CCA3C1E9E57D600BED675 /* AVFoundation.framework */ = {isa = PBXFileReference; lastKnownFileType = wrapper.framework; name = AVFoundation.framework; path = System/Library/Frameworks/AVFoundation.framework; sourceTree = SDKROOT; };
		A27CCA3E1E9E57DA00BED675 /* CoreMedia.framework */ = {isa = PBXFileReference; lastKnownFileType = wrapper.framework; name = CoreMedia.framework; path = System/Library/Frameworks/CoreMedia.framework; sourceTree = SDKROOT; };
		A27CCA411E9E5D9400BED675 /* CoreFoundation.framework */ = {isa = PBXFileReference; lastKnownFileType = wrapper.framework; name = CoreFoundation.framework; path = System/Library/Frameworks/CoreFoundation.framework; sourceTree = SDKROOT; };
		A57047D098301A67BF9DA665 /* MBOverlayViewControllerDelegate.h */ = {isa = PBXFileReference; lastKnownFileType = sourcecode.c.h; name = MBOverlayViewControllerDelegate.h; path = MicroblinkModule/Overlays/MBOverlayViewControllerDelegate.h; sourceTree = "<group>"; };
		B72B4948B58CA4C5F3EF2154 /* MBVisaRecognizerWrapper.h */ = {isa = PBXFileReference; lastKnownFileType = sourcecode.c.h; name = MBVisaRecognizerWrapper.h; path = MicroblinkModule/Recognizers/Wrappers/MBVisaRecognizerWrapper.h; sourceTree = "<group>"; };
		B79241ED9B80892CCAF2D02E /* MBVisaRecognizerWrapper.m */ = {isa = PBXFileReference; lastKnownFileType = sourcecode.c.objc; name = MBVisaRecognizerWrapper.m; path = MicroblinkModule/Recognizers/Wrappers/MBVisaRecognizerWrapper.m; sourceTree = "<group>"; };
		C2AC469CAB1578100128482B /* MBDocumentFaceRecognizerWrapper.h */ = {isa = PBXFileReference; lastKnownFileType = sourcecode.c.h; name = MBDocumentFaceRecognizerWrapper.h; path = MicroblinkModule/Recognizers/Wrappers/MBDocumentFaceRecognizerWrapper.h; sourceTree = "<group>"; };
		C3CD4978B843C9DFD63F479B /* MBMrtdRecognizerWrapper.h */ = {isa = PBXFileReference; lastKnownFileType = sourcecode.c.h; name = MBMrtdRecognizerWrapper.h; path = MicroblinkModule/Recognizers/Wrappers/MBMrtdRecognizerWrapper.h; sourceTree = "<group>"; };
		CE1D46E189BC17D43DE6B7DF /* MBOverlaySettingsSerializers.h */ = {isa = PBXFileReference; lastKnownFileType = sourcecode.c.h; name = MBOverlaySettingsSerializers.h; path = MicroblinkModule/Overlays/MBOverlaySettingsSerializers.h; sourceTree = "<group>"; };
		CFEA4E8FB19D535904AA9C79 /* MBDocumentOverlaySettingsSerialization.m */ = {isa = PBXFileReference; lastKnownFileType = sourcecode.c.objc; name = MBDocumentOverlaySettingsSerialization.m; path = MicroblinkModule/Overlays/Serialization/MBDocumentOverlaySettingsSerialization.m; sourceTree = "<group>"; };
		E33549539BF4B86F8FE99880 /* MBRecognizerWrapper.m */ = {isa = PBXFileReference; lastKnownFileType = sourcecode.c.objc; name = MBRecognizerWrapper.m; path = MicroblinkModule/Recognizers/MBRecognizerWrapper.m; sourceTree = "<group>"; };
		E7F041D98AF640BF1EB7F210 /* MBMrtdCombinedRecognizerWrapper.m */ = {isa = PBXFileReference; lastKnownFileType = sourcecode.c.objc; name = MBMrtdCombinedRecognizerWrapper.m; path = MicroblinkModule/Recognizers/Wrappers/MBMrtdCombinedRecognizerWrapper.m; sourceTree = "<group>"; };
		E9794B80950D4D91D23DCFA5 /* MBRecognizerSerializers.h */ = {isa = PBXFileReference; lastKnownFileType = sourcecode.c.h; name = MBRecognizerSerializers.h; path = MicroblinkModule/Recognizers/MBRecognizerSerializers.h; sourceTree = "<group>"; };
		E9CC4A0586914109515F73D1 /* MBBlinkIdSingleSideRecognizerWrapper.h */ = {isa = PBXFileReference; lastKnownFileType = sourcecode.c.h; name = MBBlinkIdSingleSideRecognizerWrapper.h; path = MicroblinkModule/Recognizers/Wrappers/MBBlinkIdSingleSideRecognizerWrapper.h; sourceTree = "<group>"; };
		EA4341A683E4B094A53F39EF /* MBRecognizerSerializers.m */ = {isa = PBXFileReference; lastKnownFileType = sourcecode.c.objc; name = MBRecognizerSerializers.m; path = MicroblinkModule/Recognizers/MBRecognizerSerializers.m; sourceTree = "<group>"; };
		FB3642CC92B555ABD8AC0E00 /* MBRecognizerWrapper.h */ = {isa = PBXFileReference; lastKnownFileType = sourcecode.c.h; name = MBRecognizerWrapper.h; path = MicroblinkModule/Recognizers/MBRecognizerWrapper.h; sourceTree = "<group>"; };
		FE7A48E2BF83F0CB9EBB6813 /* MBOverlayVCCreator.h */ = {isa = PBXFileReference; lastKnownFileType = sourcecode.c.h; name = MBOverlayVCCreator.h; path = MicroblinkModule/Overlays/MBOverlayVCCreator.h; sourceTree = "<group>"; };
		FF9C467EA71DCD659F3CCE9E /* MBBlinkIDModule.m */ = {isa = PBXFileReference; lastKnownFileType = sourcecode.c.objc; name = MBBlinkIDModule.m; path = MicroblinkModule/MBBlinkIDModule.m; sourceTree = "<group>"; };
/* End PBXFileReference section */

/* Begin PBXFrameworksBuildPhase section */
		A27CCA281E9E57A500BED675 /* Frameworks */ = {
			isa = PBXFrameworksBuildPhase;
			buildActionMask = 2147483647;
			files = (
				A27CCA441E9E5DAE00BED675 /* CoreMedia.framework in Frameworks */,
				A27CCA431E9E5D9900BED675 /* AudioToolbox.framework in Frameworks */,
				A27CCA421E9E5D9400BED675 /* CoreFoundation.framework in Frameworks */,
				A27CCA401E9E5D8D00BED675 /* Accelerate.framework in Frameworks */,
			);
			runOnlyForDeploymentPostprocessing = 0;
		};
/* End PBXFrameworksBuildPhase section */

/* Begin PBXGroup section */
		2B0C4EABB78B332D3CA8895F /* Recognizers */ = {
			isa = PBXGroup;
			children = (
				FB3642CC92B555ABD8AC0E00 /* MBRecognizerWrapper.h */,
				70C74D5A8067A826EE9A4B10 /* Wrappers */,
				E9794B80950D4D91D23DCFA5 /* MBRecognizerSerializers.h */,
				E33549539BF4B86F8FE99880 /* MBRecognizerWrapper.m */,
				EA4341A683E4B094A53F39EF /* MBRecognizerSerializers.m */,
			);
			name = Recognizers;
			path = MicroblinkModule/Recognizers;
			sourceTree = "<group>";
		};
		30BC40058261E6931492261B /* MicroblinkModule */ = {
			isa = PBXGroup;
			children = (
				035C48C5BE0A003A1E85130D /* MBBlinkIDSerializationUtils.m */,
				078448A3993C7B224F944A4E /* MBCommonSerializationUtils.m */,
				96C44E8AB66C530455D2B208 /* Overlays */,
				4A6A4C6BA725C5AAF420E66C /* MBSerializationUtils.m */,
				FF9C467EA71DCD659F3CCE9E /* MBBlinkIDModule.m */,
				1B814843B79B168B57D52464 /* MBBlinkIDSerializationUtils.h */,
				2B0C4EABB78B332D3CA8895F /* Recognizers */,
				50C24CEE8D057E757D06F0F8 /* MBCommonSerializationUtils.h */,
				45374176AE53FE9729A61768 /* MBBlinkIDModule.h */,
				7449468F846D946A89FCFFA1 /* MBSerializationUtils.h */,
			);
			name = MicroblinkModule;
			path = MicroblinkModule;
			sourceTree = "<group>";
		};
		70C74D5A8067A826EE9A4B10 /* Wrappers */ = {
			isa = PBXGroup;
			children = (
				367F43D7A7AF2B121A4269DD /* MBDocumentFaceRecognizerWrapper.m */,
				B79241ED9B80892CCAF2D02E /* MBVisaRecognizerWrapper.m */,
				63444E26AA010E5F7C6BFB33 /* MBBlinkIdMultiSideRecognizerWrapper.m */,
				4B2E4B1099D7BE51B5BB7760 /* MBSuccessFrameGrabberRecognizerWrapper.h */,
				85CB40E8AA99EC784D2035D6 /* MBMrtdRecognizerWrapper.m */,
				3A3E4F358D3A545D2321C0AA /* MBUsdlRecognizerWrapper.h */,
				E9CC4A0586914109515F73D1 /* MBBlinkIdSingleSideRecognizerWrapper.h */,
				E7F041D98AF640BF1EB7F210 /* MBMrtdCombinedRecognizerWrapper.m */,
				98CA47CCA8979B4AB396FBA2 /* MBPassportRecognizerWrapper.m */,
				812A4E41B8C68322A3CB5BAA /* MBUsdlCombinedRecognizerWrapper.m */,
				5D354765A5F8FE945D886D9F /* MBIdBarcodeRecognizerWrapper.m */,
				B72B4948B58CA4C5F3EF2154 /* MBVisaRecognizerWrapper.h */,
				C2AC469CAB1578100128482B /* MBDocumentFaceRecognizerWrapper.h */,
				214A44E5AEE37A14B54073FB /* MBMrtdCombinedRecognizerWrapper.h */,
				6A3140B7A11FC0BDAD341FF3 /* MBBlinkIdSingleSideRecognizerWrapper.m */,
				1C9B4E6987FB9480106251D8 /* MBUsdlRecognizerWrapper.m */,
				2AB94640BAB5BDBEC46E48E7 /* MBBlinkIdMultiSideRecognizerWrapper.h */,
				8E0E469C9307D83C40B74319 /* MBSuccessFrameGrabberRecognizerWrapper.m */,
				C3CD4978B843C9DFD63F479B /* MBMrtdRecognizerWrapper.h */,
				4D9140CBB99B45A5F1C97037 /* MBIdBarcodeRecognizerWrapper.h */,
				33F1487892261676984DEBEA /* MBUsdlCombinedRecognizerWrapper.h */,
				6A07477F8F95B8A9E016A73C /* MBPassportRecognizerWrapper.h */,
			);
			name = Wrappers;
			path = MicroblinkModule/Recognizers/Wrappers;
			sourceTree = "<group>";
		};
		96C44E8AB66C530455D2B208 /* Overlays */ = {
			isa = PBXGroup;
			children = (
				29C74325B353BE5EB8772FC9 /* MBOverlaySerializationUtils.m */,
				990647B1AD348BA087116266 /* Serialization */,
				FE7A48E2BF83F0CB9EBB6813 /* MBOverlayVCCreator.h */,
				8FF04F2C8E23EE2C7ED2FB17 /* MBOverlaySettingsSerializers.m */,
				456549D29ADF7D9925AA3BE9 /* MBOverlaySerializationUtils.h */,
				A57047D098301A67BF9DA665 /* MBOverlayViewControllerDelegate.h */,
				CE1D46E189BC17D43DE6B7DF /* MBOverlaySettingsSerializers.h */,
			);
			name = Overlays;
			path = MicroblinkModule/Overlays;
			sourceTree = "<group>";
		};
		990647B1AD348BA087116266 /* Serialization */ = {
			isa = PBXGroup;
			children = (
				08CC4719B183870B2728212B /* MBDocumentOverlaySettingsSerialization.h */,
				49254456A55ADBA30EC8902F /* MBDocumentVerificationOverlaySettingsSerialization.m */,
				0DD44E05A76E47C200A1D1CF /* MBBlinkIdOverlaySettingsSerialization.m */,
				CFEA4E8FB19D535904AA9C79 /* MBDocumentOverlaySettingsSerialization.m */,
				56DA4D02AAD69425310F450C /* MBDocumentVerificationOverlaySettingsSerialization.h */,
				A20B448CBC594985500AD524 /* MBBlinkIdOverlaySettingsSerialization.h */,
			);
			name = Serialization;
			path = MicroblinkModule/Overlays/Serialization;
			sourceTree = "<group>";
		};
		A27CCA221E9E57A500BED675 = {
			isa = PBXGroup;
			children = (
				A27CCA2C1E9E57A500BED675 /* Products */,
				A27CCA371E9E57C900BED675 /* Frameworks */,
				30BC40058261E6931492261B /* MicroblinkModule */,
			);
			sourceTree = "<group>";
		};
		A27CCA2C1E9E57A500BED675 /* Products */ = {
			isa = PBXGroup;
			children = (
				A27CCA2B1E9E57A500BED675 /* libMicroblinkModule.a */,
			);
			name = Products;
			sourceTree = "<group>";
		};
		A27CCA371E9E57C900BED675 /* Frameworks */ = {
			isa = PBXGroup;
			children = (
				A27CCA411E9E5D9400BED675 /* CoreFoundation.framework */,
				A27CCA3E1E9E57DA00BED675 /* CoreMedia.framework */,
				A27CCA3C1E9E57D600BED675 /* AVFoundation.framework */,
				A27CCA3A1E9E57CF00BED675 /* Accelerate.framework */,
				A27CCA381E9E57C900BED675 /* AudioToolbox.framework */,
			);
			name = Frameworks;
			sourceTree = "<group>";
		};
/* End PBXGroup section */

/* Begin PBXHeadersBuildPhase section */
		7FF149AD80AECA42E1EB634A /* Headers */ = {
			isa = PBXHeadersBuildPhase;
			buildActionMask = 2147483647;
			files = (
				22C548F89817E26D48CE8470 /* MBDocumentOverlaySettingsSerialization.h in Headers */,
				A0CC4460A8E9DC2D6899FED3 /* MBDocumentVerificationOverlaySettingsSerialization.h in Headers */,
				08DD47C5A0D9FFC9B92ACB11 /* MBBlinkIdOverlaySettingsSerialization.h in Headers */,
				62784550AE06CF01730E0DF4 /* MBOverlayVCCreator.h in Headers */,
				34434E38ADB1A19FA6CC74C7 /* MBOverlaySerializationUtils.h in Headers */,
				38984D88ABEBC25798663902 /* MBOverlayViewControllerDelegate.h in Headers */,
				761C48C1A07E3BC5CF8C0B82 /* MBOverlaySettingsSerializers.h in Headers */,
				76B94C60B62841A1AEE0FBA0 /* MBBlinkIDSerializationUtils.h in Headers */,
				EE4945AABE323EFB90330D41 /* MBRecognizerWrapper.h in Headers */,
				C4DD4D59A76EF971CC4806D9 /* MBSuccessFrameGrabberRecognizerWrapper.h in Headers */,
				214347A1B19B3DAE4957B24E /* MBUsdlRecognizerWrapper.h in Headers */,
				BA0A44EC8AE2CBA89D539DD3 /* MBBlinkIdSingleSideRecognizerWrapper.h in Headers */,
				43DA40C0A082AAD4B19C8DFD /* MBVisaRecognizerWrapper.h in Headers */,
				5B7A4B3597ADDED7D9E061C3 /* MBDocumentFaceRecognizerWrapper.h in Headers */,
				6F1E4E8D97C4B84242CF7565 /* MBMrtdCombinedRecognizerWrapper.h in Headers */,
				014D454A9748BFB755667198 /* MBBlinkIdMultiSideRecognizerWrapper.h in Headers */,
				7EEC41AFAA1F25B114D747BD /* MBMrtdRecognizerWrapper.h in Headers */,
				BE6A40CEBD780E144B119621 /* MBIdBarcodeRecognizerWrapper.h in Headers */,
				4B474C9D9A0A4793BF5B34BC /* MBUsdlCombinedRecognizerWrapper.h in Headers */,
				6A3049019A3647349FE56913 /* MBPassportRecognizerWrapper.h in Headers */,
				49154F748A12276E4A4BEC9F /* MBRecognizerSerializers.h in Headers */,
				4083437EB667F1055DB4FF01 /* MBCommonSerializationUtils.h in Headers */,
				05374FA69B002034993C75A0 /* MBBlinkIDModule.h in Headers */,
				5DF94E20B6FE2B705B00F464 /* MBSerializationUtils.h in Headers */,
			);
			runOnlyForDeploymentPostprocessing = 0;
		};
/* End PBXHeadersBuildPhase section */

/* Begin PBXNativeTarget section */
		A27CCA2A1E9E57A500BED675 /* MicroblinkModule */ = {
			isa = PBXNativeTarget;
			buildConfigurationList = A27CCA341E9E57A500BED675 /* Build configuration list for PBXNativeTarget "MicroblinkModule" */;
			buildPhases = (
				A27CCA271E9E57A500BED675 /* Sources */,
				A27CCA281E9E57A500BED675 /* Frameworks */,
				A27CCA291E9E57A500BED675 /* CopyFiles */,
				7FF149AD80AECA42E1EB634A /* Headers */,
			);
			buildRules = (
			);
			dependencies = (
			);
			name = MicroblinkModule;
			productName = BlinkIDReactNative;
			productReference = A27CCA2B1E9E57A500BED675 /* libMicroblinkModule.a */;
			productType = "com.apple.product-type.library.static";
		};
/* End PBXNativeTarget section */

/* Begin PBXProject section */
		A27CCA231E9E57A500BED675 /* Project object */ = {
			isa = PBXProject;
			attributes = {
				LastUpgradeCheck = 830;
				ORGANIZATIONNAME = "Jura Skrlec";
				TargetAttributes = {
					A27CCA2A1E9E57A500BED675 = {
						CreatedOnToolsVersion = 8.3.1;
						DevelopmentTeam = CQTJWP89J7;
						ProvisioningStyle = Automatic;
					};
				};
			};
			buildConfigurationList = A27CCA261E9E57A500BED675 /* Build configuration list for PBXProject "MicroblinkModule" */;
			compatibilityVersion = "Xcode 3.2";
			developmentRegion = English;
			hasScannedForEncodings = 0;
			knownRegions = (
				English,
				en,
			);
			mainGroup = A27CCA221E9E57A500BED675;
			productRefGroup = A27CCA2C1E9E57A500BED675 /* Products */;
			projectDirPath = "";
			projectRoot = "";
			targets = (
				A27CCA2A1E9E57A500BED675 /* MicroblinkModule */,
			);
		};
/* End PBXProject section */

/* Begin PBXSourcesBuildPhase section */
		A27CCA271E9E57A500BED675 /* Sources */ = {
			isa = PBXSourcesBuildPhase;
			buildActionMask = 2147483647;
			files = (
				FDF64FD18317C18FC03F577A /* MBBlinkIDSerializationUtils.m in Sources */,
				7BFF45EAB0B8ACBF2B3C9D56 /* MBCommonSerializationUtils.m in Sources */,
				B3AA419DB004684FE35791DF /* MBOverlaySerializationUtils.m in Sources */,
				29224844AF02FC0898B27A4A /* MBDocumentVerificationOverlaySettingsSerialization.m in Sources */,
				788F46959F38D418798C6CD5 /* MBBlinkIdOverlaySettingsSerialization.m in Sources */,
				31AF41C489B847E16505CC20 /* MBDocumentOverlaySettingsSerialization.m in Sources */,
				ADD740D5AD5C157115012263 /* MBOverlaySettingsSerializers.m in Sources */,
				CFAA463CB41A2F884EF91F86 /* MBSerializationUtils.m in Sources */,
				F7F34909BBBC5AEE8C77A2C8 /* MBBlinkIDModule.m in Sources */,
				F595499895CBD9ADF9115E25 /* MBDocumentFaceRecognizerWrapper.m in Sources */,
				92924001ACFA9E7BB4CB77B5 /* MBVisaRecognizerWrapper.m in Sources */,
				846A48C5802C5DAADA3F5E13 /* MBBlinkIdMultiSideRecognizerWrapper.m in Sources */,
				5C0C40BAB26E8731E22BB99E /* MBMrtdRecognizerWrapper.m in Sources */,
				54C946A0A57402E0A0DB7D1F /* MBMrtdCombinedRecognizerWrapper.m in Sources */,
				B1634C25830847279EF5366A /* MBPassportRecognizerWrapper.m in Sources */,
				D2194FC0993DCC20A2F43B34 /* MBUsdlCombinedRecognizerWrapper.m in Sources */,
				C0EF4D74AE366F527B1EDA11 /* MBIdBarcodeRecognizerWrapper.m in Sources */,
				D81C4F10B69C92A4F84E5363 /* MBBlinkIdSingleSideRecognizerWrapper.m in Sources */,
				B7124EF69D7F6B69A438919E /* MBUsdlRecognizerWrapper.m in Sources */,
				BB944656BA26F053CA275FF4 /* MBSuccessFrameGrabberRecognizerWrapper.m in Sources */,
				821D46A4986D59EC1863A7F0 /* MBRecognizerWrapper.m in Sources */,
				A1C0478095DF8CED4D6D7E5F /* MBRecognizerSerializers.m in Sources */,
			);
			runOnlyForDeploymentPostprocessing = 0;
		};
/* End PBXSourcesBuildPhase section */

/* Begin XCBuildConfiguration section */
		A27CCA321E9E57A500BED675 /* Debug */ = {
			isa = XCBuildConfiguration;
			buildSettings = {
				ALWAYS_SEARCH_USER_PATHS = NO;
				CLANG_ANALYZER_NONNULL = YES;
				CLANG_ANALYZER_NUMBER_OBJECT_CONVERSION = YES_AGGRESSIVE;
				CLANG_CXX_LANGUAGE_STANDARD = "gnu++0x";
				CLANG_CXX_LIBRARY = "libc++";
				CLANG_ENABLE_MODULES = YES;
				CLANG_ENABLE_OBJC_ARC = YES;
				CLANG_WARN_BOOL_CONVERSION = YES;
				CLANG_WARN_CONSTANT_CONVERSION = YES;
				CLANG_WARN_DIRECT_OBJC_ISA_USAGE = YES_ERROR;
				CLANG_WARN_DOCUMENTATION_COMMENTS = YES;
				CLANG_WARN_EMPTY_BODY = YES;
				CLANG_WARN_ENUM_CONVERSION = YES;
				CLANG_WARN_INFINITE_RECURSION = YES;
				CLANG_WARN_INT_CONVERSION = YES;
				CLANG_WARN_OBJC_ROOT_CLASS = YES_ERROR;
				CLANG_WARN_SUSPICIOUS_MOVE = YES;
				CLANG_WARN_UNREACHABLE_CODE = YES;
				CLANG_WARN__DUPLICATE_METHOD_MATCH = YES;
				"CODE_SIGN_IDENTITY[sdk=iphoneos*]" = "iPhone Developer";
				COPY_PHASE_STRIP = NO;
				DEBUG_INFORMATION_FORMAT = dwarf;
				ENABLE_STRICT_OBJC_MSGSEND = YES;
				ENABLE_TESTABILITY = YES;
				FRAMEWORK_SEARCH_PATHS = "/Users/juraskrlec/Documents/projects/blinkid-react-native-custom/blinkid-react-native/BlinkIDReactNative/ios/Pods/PPBlinkID";
				GCC_C_LANGUAGE_STANDARD = gnu99;
				GCC_DYNAMIC_NO_PIC = NO;
				GCC_NO_COMMON_BLOCKS = YES;
				GCC_OPTIMIZATION_LEVEL = 0;
				GCC_PREPROCESSOR_DEFINITIONS = (
					"DEBUG=1",
					"$(inherited)",
				);
				GCC_WARN_64_TO_32_BIT_CONVERSION = YES;
				GCC_WARN_ABOUT_RETURN_TYPE = YES_ERROR;
				GCC_WARN_UNDECLARED_SELECTOR = YES;
				GCC_WARN_UNINITIALIZED_AUTOS = YES_AGGRESSIVE;
				GCC_WARN_UNUSED_FUNCTION = YES;
				GCC_WARN_UNUSED_VARIABLE = YES;
				IPHONEOS_DEPLOYMENT_TARGET = 13.0;
				MTL_ENABLE_DEBUG_INFO = YES;
				ONLY_ACTIVE_ARCH = YES;
				SDKROOT = iphoneos;
			};
			name = Debug;
		};
		A27CCA331E9E57A500BED675 /* Release */ = {
			isa = XCBuildConfiguration;
			buildSettings = {
				ALWAYS_SEARCH_USER_PATHS = NO;
				CLANG_ANALYZER_NONNULL = YES;
				CLANG_ANALYZER_NUMBER_OBJECT_CONVERSION = YES_AGGRESSIVE;
				CLANG_CXX_LANGUAGE_STANDARD = "gnu++0x";
				CLANG_CXX_LIBRARY = "libc++";
				CLANG_ENABLE_MODULES = YES;
				CLANG_ENABLE_OBJC_ARC = YES;
				CLANG_WARN_BOOL_CONVERSION = YES;
				CLANG_WARN_CONSTANT_CONVERSION = YES;
				CLANG_WARN_DIRECT_OBJC_ISA_USAGE = YES_ERROR;
				CLANG_WARN_DOCUMENTATION_COMMENTS = YES;
				CLANG_WARN_EMPTY_BODY = YES;
				CLANG_WARN_ENUM_CONVERSION = YES;
				CLANG_WARN_INFINITE_RECURSION = YES;
				CLANG_WARN_INT_CONVERSION = YES;
				CLANG_WARN_OBJC_ROOT_CLASS = YES_ERROR;
				CLANG_WARN_SUSPICIOUS_MOVE = YES;
				CLANG_WARN_UNREACHABLE_CODE = YES;
				CLANG_WARN__DUPLICATE_METHOD_MATCH = YES;
				"CODE_SIGN_IDENTITY[sdk=iphoneos*]" = "iPhone Developer";
				COPY_PHASE_STRIP = NO;
				DEBUG_INFORMATION_FORMAT = "dwarf-with-dsym";
				ENABLE_NS_ASSERTIONS = NO;
				ENABLE_STRICT_OBJC_MSGSEND = YES;
				FRAMEWORK_SEARCH_PATHS = "/Users/juraskrlec/Documents/projects/blinkid-react-native-custom/blinkid-react-native/BlinkIDReactNative/ios/Pods/PPBlinkID";
				GCC_C_LANGUAGE_STANDARD = gnu99;
				GCC_NO_COMMON_BLOCKS = YES;
				GCC_WARN_64_TO_32_BIT_CONVERSION = YES;
				GCC_WARN_ABOUT_RETURN_TYPE = YES_ERROR;
				GCC_WARN_UNDECLARED_SELECTOR = YES;
				GCC_WARN_UNINITIALIZED_AUTOS = YES_AGGRESSIVE;
				GCC_WARN_UNUSED_FUNCTION = YES;
				GCC_WARN_UNUSED_VARIABLE = YES;
				IPHONEOS_DEPLOYMENT_TARGET = 13.0;
				MTL_ENABLE_DEBUG_INFO = NO;
				SDKROOT = iphoneos;
				VALIDATE_PRODUCT = YES;
			};
			name = Release;
		};
		A27CCA351E9E57A500BED675 /* Debug */ = {
			isa = XCBuildConfiguration;
			buildSettings = {
				DEVELOPMENT_TEAM = CQTJWP89J7;
				FRAMEWORK_SEARCH_PATHS = (
					"$(inherited)",
					"$(PODS_ROOT)/PPBlinkID",
					"$(SRCROOT)/../../../../../ios/**",
					"$(PROJECT_DIR)",
				);
				HEADER_SEARCH_PATHS = (
					"$(SRCROOT)/../../node_modules/react-native/React",
					"$(SRCROOT)/../../node_modules/react-native/ReactCommon",
					"${PODS_ROOT}/Headers/Public/React",
					"${PODS_ROOT}/Headers/Public/yoga",
					"${PODS_ROOT}/Headers/Public",
				);
				IPHONEOS_DEPLOYMENT_TARGET = "$(inherited)";
				LIBRARY_SEARCH_PATHS = (
					"$(SRCROOT)/MicroblinkModule",
					"$(SRCROOT)/MicroblinkModule/Overlays",
					"$(SRCROOT)/MicroblinkModule/Overlays/Serialization",
					"$(SRCROOT)/MicroblinkModule/Recognizers",
					"$(SRCROOT)/MicroblinkModule/Recognizers/Wrappers",
				);
				OTHER_LDFLAGS = (
					"-ObjC",
					"-liconv",
					"-lc++",
					"-lz",
				);
				PODS_ROOT = "${SRCROOT}/../../../../../ios/Pods";
				PRODUCT_NAME = "$(TARGET_NAME)";
				SKIP_INSTALL = YES;
			};
			name = Debug;
		};
		A27CCA361E9E57A500BED675 /* Release */ = {
			isa = XCBuildConfiguration;
			buildSettings = {
				DEVELOPMENT_TEAM = CQTJWP89J7;
				FRAMEWORK_SEARCH_PATHS = (
					"$(inherited)",
					"$(PODS_ROOT)/PPBlinkID",
					"$(SRCROOT)/../../../../../ios/**",
					"$(PROJECT_DIR)",
				);
				HEADER_SEARCH_PATHS = (
					"$(SRCROOT)/../../node_modules/react-native/React",
					"$(SRCROOT)/../../node_modules/react-native/ReactCommon",
					"${PODS_ROOT}/Headers/Public/React",
					"${PODS_ROOT}/Headers/Public/yoga",
					"${PODS_ROOT}/Headers/Public",
				);
				IPHONEOS_DEPLOYMENT_TARGET = "$(inherited)";
				LIBRARY_SEARCH_PATHS = (
					"$(SRCROOT)/MicroblinkModule",
					"$(SRCROOT)/MicroblinkModule/Overlays",
					"$(SRCROOT)/MicroblinkModule/Overlays/Serialization",
					"$(SRCROOT)/MicroblinkModule/Recognizers",
					"$(SRCROOT)/MicroblinkModule/Recognizers/Wrappers",
				);
				OTHER_LDFLAGS = (
					"-ObjC",
					"-liconv",
					"-lc++",
					"-lz",
				);
				PODS_ROOT = "${SRCROOT}/../../../../../ios/Pods";
				PRODUCT_NAME = "$(TARGET_NAME)";
				SKIP_INSTALL = YES;
			};
			name = Release;
		};
/* End XCBuildConfiguration section */

/* Begin XCConfigurationList section */
		A27CCA261E9E57A500BED675 /* Build configuration list for PBXProject "MicroblinkModule" */ = {
			isa = XCConfigurationList;
			buildConfigurations = (
				A27CCA321E9E57A500BED675 /* Debug */,
				A27CCA331E9E57A500BED675 /* Release */,
			);
			defaultConfigurationIsVisible = 0;
			defaultConfigurationName = Release;
		};
		A27CCA341E9E57A500BED675 /* Build configuration list for PBXNativeTarget "MicroblinkModule" */ = {
			isa = XCConfigurationList;
			buildConfigurations = (
				A27CCA351E9E57A500BED675 /* Debug */,
				A27CCA361E9E57A500BED675 /* Release */,
			);
			defaultConfigurationIsVisible = 0;
			defaultConfigurationName = Release;
		};
/* End XCConfigurationList section */
	};
	rootObject = A27CCA231E9E57A500BED675 /* Project object */;
}

