// !$*UTF8*$!
{
	archiveVersion = 1;
	classes = {
	};
	objectVersion = 46;
	objects = {

/* Begin PBXBuildFile section */
		00E94E2AA919A439B4DC7686 /* MBBlinkIdSingleSideRecognizerWrapper.m in Sources */ = {isa = PBXBuildFile; fileRef = C2CD4F9CB62670595AE86877 /* MBBlinkIdSingleSideRecognizerWrapper.m */; };
		01454CF1B12F92AF16107AE3 /* MBDocumentOverlaySettingsSerialization.m in Sources */ = {isa = PBXBuildFile; fileRef = 7020477A8A065FB95FA0BF46 /* MBDocumentOverlaySettingsSerialization.m */; };
		01504386B55BEB8C7C1DB505 /* MBBlinkIDSerializationUtils.h in Headers */ = {isa = PBXBuildFile; fileRef = D6274ED886D81AA4A2D45D25 /* MBBlinkIDSerializationUtils.h */; };
		032A4376AF5ACF69147273D2 /* MBRecognizerSerializers.m in Sources */ = {isa = PBXBuildFile; fileRef = 04A74DA8967F1A58E6283498 /* MBRecognizerSerializers.m */; };
		05F2477D91A93440E93BF518 /* MBOverlayViewControllerDelegate.h in Headers */ = {isa = PBXBuildFile; fileRef = A6334A148B5CC46F7A03EB60 /* MBOverlayViewControllerDelegate.h */; };
		09724817BCF36FE42556BC76 /* MBDocumentVerificationOverlaySettingsSerialization.h in Headers */ = {isa = PBXBuildFile; fileRef = 40FE44CFB7345A20C517A693 /* MBDocumentVerificationOverlaySettingsSerialization.h */; };
		0C054697836EF73A46B347AE /* MBBlinkIdMultiSideRecognizerWrapper.h in Headers */ = {isa = PBXBuildFile; fileRef = 340346A68CD497517A6C6E7B /* MBBlinkIdMultiSideRecognizerWrapper.h */; };
		10F24EB29FB292E95FC9E360 /* MBDocumentFaceRecognizerWrapper.m in Sources */ = {isa = PBXBuildFile; fileRef = F2B04F24B030B5C906E46810 /* MBDocumentFaceRecognizerWrapper.m */; };
		169F4573AFFBC5F55FF41ED0 /* MBBlinkIDModule.m in Sources */ = {isa = PBXBuildFile; fileRef = D1754FC69444B11ED1A1D756 /* MBBlinkIDModule.m */; };
		17D44D51BA0DC1A6A54E1376 /* MBSuccessFrameGrabberRecognizerWrapper.m in Sources */ = {isa = PBXBuildFile; fileRef = 95BD46B1AC7390B3773A305B /* MBSuccessFrameGrabberRecognizerWrapper.m */; };
		19C64FE9848C11ECD57AD1D8 /* MBMrtdCombinedRecognizerWrapper.m in Sources */ = {isa = PBXBuildFile; fileRef = 92B6403AA2903244FE58FEEA /* MBMrtdCombinedRecognizerWrapper.m */; };
		220B4B9AAF9D2484543A67EE /* MBVisaRecognizerWrapper.h in Headers */ = {isa = PBXBuildFile; fileRef = C08843F593CE0A6844145EE9 /* MBVisaRecognizerWrapper.h */; };
		27464139BAF01081196F9294 /* MBPassportRecognizerWrapper.m in Sources */ = {isa = PBXBuildFile; fileRef = 60A54E91984E18FECE3A79CC /* MBPassportRecognizerWrapper.m */; };
		2A1D40FC8F7665631A25F065 /* MBOverlaySettingsSerializers.m in Sources */ = {isa = PBXBuildFile; fileRef = 9A234975930653860ED92975 /* MBOverlaySettingsSerializers.m */; };
		2DF748B4B1A14B8657A45D8F /* MBIdBarcodeRecognizerWrapper.h in Headers */ = {isa = PBXBuildFile; fileRef = 40004BDEB6F9BD03E45BBC9B /* MBIdBarcodeRecognizerWrapper.h */; };
		350E4821A0F31227C0DEF839 /* MBMrtdRecognizerWrapper.h in Headers */ = {isa = PBXBuildFile; fileRef = 79954CB58C9CBFA782A75270 /* MBMrtdRecognizerWrapper.h */; };
		367746009A7363BC7995FD31 /* MBDocumentFaceRecognizerWrapper.h in Headers */ = {isa = PBXBuildFile; fileRef = 4FFB458F81C61EECA8739514 /* MBDocumentFaceRecognizerWrapper.h */; };
		426A4904A0CF7839DB8A7B98 /* MBOverlaySerializationUtils.h in Headers */ = {isa = PBXBuildFile; fileRef = 7688479DBBD3FD92FF2C0859 /* MBOverlaySerializationUtils.h */; };
		48854E37817C4180CDD47DB1 /* MBVisaRecognizerWrapper.m in Sources */ = {isa = PBXBuildFile; fileRef = 738945DCAE74FC75E8921C04 /* MBVisaRecognizerWrapper.m */; };
		493F44DFA00D2813624A42AF /* MBSuccessFrameGrabberRecognizerWrapper.h in Headers */ = {isa = PBXBuildFile; fileRef = AA614FEC827BECFA309B581E /* MBSuccessFrameGrabberRecognizerWrapper.h */; };
		53CB403DB56D1BF6E3BA8EDF /* MBRecognizerWrapper.h in Headers */ = {isa = PBXBuildFile; fileRef = 18C143D7849CC15DBEF0CCC3 /* MBRecognizerWrapper.h */; };
		5BBE45F3B3C3F1C554132E0B /* MBBlinkIdSingleSideRecognizerWrapper.h in Headers */ = {isa = PBXBuildFile; fileRef = 1F1545EB85C4B2155C463EE7 /* MBBlinkIdSingleSideRecognizerWrapper.h */; };
		5E5E4BC3B1745C2253BBA61C /* MBDocumentVerificationOverlaySettingsSerialization.m in Sources */ = {isa = PBXBuildFile; fileRef = 614F43E2929CF2C69650A554 /* MBDocumentVerificationOverlaySettingsSerialization.m */; };
		65244826B8B7DE28190CC751 /* MBBlinkIDSerializationUtils.m in Sources */ = {isa = PBXBuildFile; fileRef = 8C704681B815D030AE1454D2 /* MBBlinkIDSerializationUtils.m */; };
		667843ABB1A1D5D3CF7C9955 /* MBCommonSerializationUtils.m in Sources */ = {isa = PBXBuildFile; fileRef = C47441D4AACC1A9CD79EBB91 /* MBCommonSerializationUtils.m */; };
		7C1D435B98895B4C104A9032 /* MBBlinkIdMultiSideRecognizerWrapper.m in Sources */ = {isa = PBXBuildFile; fileRef = B1F24E259EC9EC443793C3A6 /* MBBlinkIdMultiSideRecognizerWrapper.m */; };
		8A37418A9B31942B39F453BC /* MBUsdlRecognizerWrapper.h in Headers */ = {isa = PBXBuildFile; fileRef = 639D4279971ED7AC3E5B6B44 /* MBUsdlRecognizerWrapper.h */; };
		8BB44CDB8673C0170EC63DD5 /* MBSerializationUtils.m in Sources */ = {isa = PBXBuildFile; fileRef = 2FBE47A1AFC40937D9F8A2A0 /* MBSerializationUtils.m */; };
		93BC4695AF6CA9507350E276 /* MBRecognizerWrapper.m in Sources */ = {isa = PBXBuildFile; fileRef = 0FC245FF8F79ECB39B745EF1 /* MBRecognizerWrapper.m */; };
		93D24F77B9A6BC323427C9B1 /* MBMrtdCombinedRecognizerWrapper.h in Headers */ = {isa = PBXBuildFile; fileRef = B8B54310A4D9E741CC11CB62 /* MBMrtdCombinedRecognizerWrapper.h */; };
		9A814BF5ABBFFAB7722D6972 /* MBDocumentOverlaySettingsSerialization.h in Headers */ = {isa = PBXBuildFile; fileRef = 32984268A80D395331E23F46 /* MBDocumentOverlaySettingsSerialization.h */; };
		9C954B01AF88EF322C29C08D /* MBUsdlCombinedRecognizerWrapper.m in Sources */ = {isa = PBXBuildFile; fileRef = AA7446BE9DA5D31441956921 /* MBUsdlCombinedRecognizerWrapper.m */; };
		9D7A4964A82BB9078967E953 /* MBBlinkIdOverlaySettingsSerialization.h in Headers */ = {isa = PBXBuildFile; fileRef = D21344FFA280251187B5613E /* MBBlinkIdOverlaySettingsSerialization.h */; };
		9E6D40718BB0A20FF9E51890 /* MBUsdlCombinedRecognizerWrapper.h in Headers */ = {isa = PBXBuildFile; fileRef = 5FE346BCBEE976D52A910954 /* MBUsdlCombinedRecognizerWrapper.h */; };
		A27CCA401E9E5D8D00BED675 /* Accelerate.framework in Frameworks */ = {isa = PBXBuildFile; fileRef = A27CCA3A1E9E57CF00BED675 /* Accelerate.framework */; };
		A27CCA421E9E5D9400BED675 /* CoreFoundation.framework in Frameworks */ = {isa = PBXBuildFile; fileRef = A27CCA411E9E5D9400BED675 /* CoreFoundation.framework */; };
		A27CCA431E9E5D9900BED675 /* AudioToolbox.framework in Frameworks */ = {isa = PBXBuildFile; fileRef = A27CCA381E9E57C900BED675 /* AudioToolbox.framework */; };
		A27CCA441E9E5DAE00BED675 /* CoreMedia.framework in Frameworks */ = {isa = PBXBuildFile; fileRef = A27CCA3E1E9E57DA00BED675 /* CoreMedia.framework */; };
		A3784F7EA4A299B977C9FAF7 /* MBSerializationUtils.h in Headers */ = {isa = PBXBuildFile; fileRef = 9CEC47569BCAE05163052DB7 /* MBSerializationUtils.h */; };
		B8EC48BD8B5DD6DBAFC6B9FC /* MBOverlaySettingsSerializers.h in Headers */ = {isa = PBXBuildFile; fileRef = F9E64AF6B43746C05452589E /* MBOverlaySettingsSerializers.h */; };
		BE8E468A80AA26B1788BFAF5 /* MBIdBarcodeRecognizerWrapper.m in Sources */ = {isa = PBXBuildFile; fileRef = 5CEA4E68B143FF9B1673E515 /* MBIdBarcodeRecognizerWrapper.m */; };
		C40F44349BF06287B9BA3C4D /* MBMrtdRecognizerWrapper.m in Sources */ = {isa = PBXBuildFile; fileRef = C0984B61A68DAC754C95E049 /* MBMrtdRecognizerWrapper.m */; };
		C8FA4FB5A70BAA753D94CF6F /* MBOverlayVCCreator.h in Headers */ = {isa = PBXBuildFile; fileRef = 774940F3B5774E794741E1E8 /* MBOverlayVCCreator.h */; };
		D44D47E3AB2D19D83CBB504B /* MBCommonSerializationUtils.h in Headers */ = {isa = PBXBuildFile; fileRef = A30846DA9DB91667237FA2D4 /* MBCommonSerializationUtils.h */; };
		DEBE4AEDADADC85EC258F504 /* MBUsdlRecognizerWrapper.m in Sources */ = {isa = PBXBuildFile; fileRef = 588348239D6A90D72CA2E0A1 /* MBUsdlRecognizerWrapper.m */; };
		E10E47879725388861BD750D /* MBRecognizerSerializers.h in Headers */ = {isa = PBXBuildFile; fileRef = F60344FD8BD0E11642AD042B /* MBRecognizerSerializers.h */; };
		E5BF4F1EA9BFB24A764AB171 /* MBPassportRecognizerWrapper.h in Headers */ = {isa = PBXBuildFile; fileRef = CCE542A69FD1F4776BF2D57B /* MBPassportRecognizerWrapper.h */; };
		EC1D47BF946632625BE81695 /* MBBlinkIdOverlaySettingsSerialization.m in Sources */ = {isa = PBXBuildFile; fileRef = 2B7C4CBBB070CD6294BDFE5A /* MBBlinkIdOverlaySettingsSerialization.m */; };
		F2944D96908A0A0B0F071F40 /* MBOverlaySerializationUtils.m in Sources */ = {isa = PBXBuildFile; fileRef = E0634B8CB723F3BEE0989429 /* MBOverlaySerializationUtils.m */; };
		F7D243B486B3E0F81928D863 /* MBBlinkIDModule.h in Headers */ = {isa = PBXBuildFile; fileRef = F2BC4C4CBFCBA72A31335DC9 /* MBBlinkIDModule.h */; };
/* End PBXBuildFile section */

/* Begin PBXCopyFilesBuildPhase section */
		A27CCA291E9E57A500BED675 /* CopyFiles */ = {
			isa = PBXCopyFilesBuildPhase;
			buildActionMask = 2147483647;
			dstPath = "include/$(PRODUCT_NAME)";
			dstSubfolderSpec = 16;
			files = (
			);
			runOnlyForDeploymentPostprocessing = 0;
		};
/* End PBXCopyFilesBuildPhase section */

/* Begin PBXFileReference section */
		04A74DA8967F1A58E6283498 /* MBRecognizerSerializers.m */ = {isa = PBXFileReference; lastKnownFileType = sourcecode.c.objc; name = MBRecognizerSerializers.m; path = MicroblinkModule/Recognizers/MBRecognizerSerializers.m; sourceTree = "<group>"; };
		0FC245FF8F79ECB39B745EF1 /* MBRecognizerWrapper.m */ = {isa = PBXFileReference; lastKnownFileType = sourcecode.c.objc; name = MBRecognizerWrapper.m; path = MicroblinkModule/Recognizers/MBRecognizerWrapper.m; sourceTree = "<group>"; };
		18C143D7849CC15DBEF0CCC3 /* MBRecognizerWrapper.h */ = {isa = PBXFileReference; lastKnownFileType = sourcecode.c.h; name = MBRecognizerWrapper.h; path = MicroblinkModule/Recognizers/MBRecognizerWrapper.h; sourceTree = "<group>"; };
		1F1545EB85C4B2155C463EE7 /* MBBlinkIdSingleSideRecognizerWrapper.h */ = {isa = PBXFileReference; lastKnownFileType = sourcecode.c.h; name = MBBlinkIdSingleSideRecognizerWrapper.h; path = MicroblinkModule/Recognizers/Wrappers/MBBlinkIdSingleSideRecognizerWrapper.h; sourceTree = "<group>"; };
		2B7C4CBBB070CD6294BDFE5A /* MBBlinkIdOverlaySettingsSerialization.m */ = {isa = PBXFileReference; lastKnownFileType = sourcecode.c.objc; name = MBBlinkIdOverlaySettingsSerialization.m; path = MicroblinkModule/Overlays/Serialization/MBBlinkIdOverlaySettingsSerialization.m; sourceTree = "<group>"; };
		2FBE47A1AFC40937D9F8A2A0 /* MBSerializationUtils.m */ = {isa = PBXFileReference; lastKnownFileType = sourcecode.c.objc; name = MBSerializationUtils.m; path = MicroblinkModule/MBSerializationUtils.m; sourceTree = "<group>"; };
		32984268A80D395331E23F46 /* MBDocumentOverlaySettingsSerialization.h */ = {isa = PBXFileReference; lastKnownFileType = sourcecode.c.h; name = MBDocumentOverlaySettingsSerialization.h; path = MicroblinkModule/Overlays/Serialization/MBDocumentOverlaySettingsSerialization.h; sourceTree = "<group>"; };
		340346A68CD497517A6C6E7B /* MBBlinkIdMultiSideRecognizerWrapper.h */ = {isa = PBXFileReference; lastKnownFileType = sourcecode.c.h; name = MBBlinkIdMultiSideRecognizerWrapper.h; path = MicroblinkModule/Recognizers/Wrappers/MBBlinkIdMultiSideRecognizerWrapper.h; sourceTree = "<group>"; };
		40004BDEB6F9BD03E45BBC9B /* MBIdBarcodeRecognizerWrapper.h */ = {isa = PBXFileReference; lastKnownFileType = sourcecode.c.h; name = MBIdBarcodeRecognizerWrapper.h; path = MicroblinkModule/Recognizers/Wrappers/MBIdBarcodeRecognizerWrapper.h; sourceTree = "<group>"; };
		40FE44CFB7345A20C517A693 /* MBDocumentVerificationOverlaySettingsSerialization.h */ = {isa = PBXFileReference; lastKnownFileType = sourcecode.c.h; name = MBDocumentVerificationOverlaySettingsSerialization.h; path = MicroblinkModule/Overlays/Serialization/MBDocumentVerificationOverlaySettingsSerialization.h; sourceTree = "<group>"; };
		4FFB458F81C61EECA8739514 /* MBDocumentFaceRecognizerWrapper.h */ = {isa = PBXFileReference; lastKnownFileType = sourcecode.c.h; name = MBDocumentFaceRecognizerWrapper.h; path = MicroblinkModule/Recognizers/Wrappers/MBDocumentFaceRecognizerWrapper.h; sourceTree = "<group>"; };
		588348239D6A90D72CA2E0A1 /* MBUsdlRecognizerWrapper.m */ = {isa = PBXFileReference; lastKnownFileType = sourcecode.c.objc; name = MBUsdlRecognizerWrapper.m; path = MicroblinkModule/Recognizers/Wrappers/MBUsdlRecognizerWrapper.m; sourceTree = "<group>"; };
		5CEA4E68B143FF9B1673E515 /* MBIdBarcodeRecognizerWrapper.m */ = {isa = PBXFileReference; lastKnownFileType = sourcecode.c.objc; name = MBIdBarcodeRecognizerWrapper.m; path = MicroblinkModule/Recognizers/Wrappers/MBIdBarcodeRecognizerWrapper.m; sourceTree = "<group>"; };
		5FE346BCBEE976D52A910954 /* MBUsdlCombinedRecognizerWrapper.h */ = {isa = PBXFileReference; lastKnownFileType = sourcecode.c.h; name = MBUsdlCombinedRecognizerWrapper.h; path = MicroblinkModule/Recognizers/Wrappers/MBUsdlCombinedRecognizerWrapper.h; sourceTree = "<group>"; };
		60A54E91984E18FECE3A79CC /* MBPassportRecognizerWrapper.m */ = {isa = PBXFileReference; lastKnownFileType = sourcecode.c.objc; name = MBPassportRecognizerWrapper.m; path = MicroblinkModule/Recognizers/Wrappers/MBPassportRecognizerWrapper.m; sourceTree = "<group>"; };
		614F43E2929CF2C69650A554 /* MBDocumentVerificationOverlaySettingsSerialization.m */ = {isa = PBXFileReference; lastKnownFileType = sourcecode.c.objc; name = MBDocumentVerificationOverlaySettingsSerialization.m; path = MicroblinkModule/Overlays/Serialization/MBDocumentVerificationOverlaySettingsSerialization.m; sourceTree = "<group>"; };
		639D4279971ED7AC3E5B6B44 /* MBUsdlRecognizerWrapper.h */ = {isa = PBXFileReference; lastKnownFileType = sourcecode.c.h; name = MBUsdlRecognizerWrapper.h; path = MicroblinkModule/Recognizers/Wrappers/MBUsdlRecognizerWrapper.h; sourceTree = "<group>"; };
		7020477A8A065FB95FA0BF46 /* MBDocumentOverlaySettingsSerialization.m */ = {isa = PBXFileReference; lastKnownFileType = sourcecode.c.objc; name = MBDocumentOverlaySettingsSerialization.m; path = MicroblinkModule/Overlays/Serialization/MBDocumentOverlaySettingsSerialization.m; sourceTree = "<group>"; };
		738945DCAE74FC75E8921C04 /* MBVisaRecognizerWrapper.m */ = {isa = PBXFileReference; lastKnownFileType = sourcecode.c.objc; name = MBVisaRecognizerWrapper.m; path = MicroblinkModule/Recognizers/Wrappers/MBVisaRecognizerWrapper.m; sourceTree = "<group>"; };
		7688479DBBD3FD92FF2C0859 /* MBOverlaySerializationUtils.h */ = {isa = PBXFileReference; lastKnownFileType = sourcecode.c.h; name = MBOverlaySerializationUtils.h; path = MicroblinkModule/Overlays/MBOverlaySerializationUtils.h; sourceTree = "<group>"; };
		774940F3B5774E794741E1E8 /* MBOverlayVCCreator.h */ = {isa = PBXFileReference; lastKnownFileType = sourcecode.c.h; name = MBOverlayVCCreator.h; path = MicroblinkModule/Overlays/MBOverlayVCCreator.h; sourceTree = "<group>"; };
		79954CB58C9CBFA782A75270 /* MBMrtdRecognizerWrapper.h */ = {isa = PBXFileReference; lastKnownFileType = sourcecode.c.h; name = MBMrtdRecognizerWrapper.h; path = MicroblinkModule/Recognizers/Wrappers/MBMrtdRecognizerWrapper.h; sourceTree = "<group>"; };
		8C704681B815D030AE1454D2 /* MBBlinkIDSerializationUtils.m */ = {isa = PBXFileReference; lastKnownFileType = sourcecode.c.objc; name = MBBlinkIDSerializationUtils.m; path = MicroblinkModule/MBBlinkIDSerializationUtils.m; sourceTree = "<group>"; };
		92B6403AA2903244FE58FEEA /* MBMrtdCombinedRecognizerWrapper.m */ = {isa = PBXFileReference; lastKnownFileType = sourcecode.c.objc; name = MBMrtdCombinedRecognizerWrapper.m; path = MicroblinkModule/Recognizers/Wrappers/MBMrtdCombinedRecognizerWrapper.m; sourceTree = "<group>"; };
		95BD46B1AC7390B3773A305B /* MBSuccessFrameGrabberRecognizerWrapper.m */ = {isa = PBXFileReference; lastKnownFileType = sourcecode.c.objc; name = MBSuccessFrameGrabberRecognizerWrapper.m; path = MicroblinkModule/Recognizers/Wrappers/MBSuccessFrameGrabberRecognizerWrapper.m; sourceTree = "<group>"; };
		9A234975930653860ED92975 /* MBOverlaySettingsSerializers.m */ = {isa = PBXFileReference; lastKnownFileType = sourcecode.c.objc; name = MBOverlaySettingsSerializers.m; path = MicroblinkModule/Overlays/MBOverlaySettingsSerializers.m; sourceTree = "<group>"; };
		9CEC47569BCAE05163052DB7 /* MBSerializationUtils.h */ = {isa = PBXFileReference; lastKnownFileType = sourcecode.c.h; name = MBSerializationUtils.h; path = MicroblinkModule/MBSerializationUtils.h; sourceTree = "<group>"; };
		A27CCA2B1E9E57A500BED675 /* libMicroblinkModule.a */ = {isa = PBXFileReference; explicitFileType = archive.ar; includeInIndex = 0; path = libMicroblinkModule.a; sourceTree = BUILT_PRODUCTS_DIR; };
		A27CCA381E9E57C900BED675 /* AudioToolbox.framework */ = {isa = PBXFileReference; lastKnownFileType = wrapper.framework; name = AudioToolbox.framework; path = System/Library/Frameworks/AudioToolbox.framework; sourceTree = SDKROOT; };
		A27CCA3A1E9E57CF00BED675 /* Accelerate.framework */ = {isa = PBXFileReference; lastKnownFileType = wrapper.framework; name = Accelerate.framework; path = System/Library/Frameworks/Accelerate.framework; sourceTree = SDKROOT; };
		A27CCA3C1E9E57D600BED675 /* AVFoundation.framework */ = {isa = PBXFileReference; lastKnownFileType = wrapper.framework; name = AVFoundation.framework; path = System/Library/Frameworks/AVFoundation.framework; sourceTree = SDKROOT; };
		A27CCA3E1E9E57DA00BED675 /* CoreMedia.framework */ = {isa = PBXFileReference; lastKnownFileType = wrapper.framework; name = CoreMedia.framework; path = System/Library/Frameworks/CoreMedia.framework; sourceTree = SDKROOT; };
		A27CCA411E9E5D9400BED675 /* CoreFoundation.framework */ = {isa = PBXFileReference; lastKnownFileType = wrapper.framework; name = CoreFoundation.framework; path = System/Library/Frameworks/CoreFoundation.framework; sourceTree = SDKROOT; };
		A30846DA9DB91667237FA2D4 /* MBCommonSerializationUtils.h */ = {isa = PBXFileReference; lastKnownFileType = sourcecode.c.h; name = MBCommonSerializationUtils.h; path = MicroblinkModule/MBCommonSerializationUtils.h; sourceTree = "<group>"; };
		A6334A148B5CC46F7A03EB60 /* MBOverlayViewControllerDelegate.h */ = {isa = PBXFileReference; lastKnownFileType = sourcecode.c.h; name = MBOverlayViewControllerDelegate.h; path = MicroblinkModule/Overlays/MBOverlayViewControllerDelegate.h; sourceTree = "<group>"; };
		AA614FEC827BECFA309B581E /* MBSuccessFrameGrabberRecognizerWrapper.h */ = {isa = PBXFileReference; lastKnownFileType = sourcecode.c.h; name = MBSuccessFrameGrabberRecognizerWrapper.h; path = MicroblinkModule/Recognizers/Wrappers/MBSuccessFrameGrabberRecognizerWrapper.h; sourceTree = "<group>"; };
		AA7446BE9DA5D31441956921 /* MBUsdlCombinedRecognizerWrapper.m */ = {isa = PBXFileReference; lastKnownFileType = sourcecode.c.objc; name = MBUsdlCombinedRecognizerWrapper.m; path = MicroblinkModule/Recognizers/Wrappers/MBUsdlCombinedRecognizerWrapper.m; sourceTree = "<group>"; };
		B1F24E259EC9EC443793C3A6 /* MBBlinkIdMultiSideRecognizerWrapper.m */ = {isa = PBXFileReference; lastKnownFileType = sourcecode.c.objc; name = MBBlinkIdMultiSideRecognizerWrapper.m; path = MicroblinkModule/Recognizers/Wrappers/MBBlinkIdMultiSideRecognizerWrapper.m; sourceTree = "<group>"; };
		B8B54310A4D9E741CC11CB62 /* MBMrtdCombinedRecognizerWrapper.h */ = {isa = PBXFileReference; lastKnownFileType = sourcecode.c.h; name = MBMrtdCombinedRecognizerWrapper.h; path = MicroblinkModule/Recognizers/Wrappers/MBMrtdCombinedRecognizerWrapper.h; sourceTree = "<group>"; };
		C08843F593CE0A6844145EE9 /* MBVisaRecognizerWrapper.h */ = {isa = PBXFileReference; lastKnownFileType = sourcecode.c.h; name = MBVisaRecognizerWrapper.h; path = MicroblinkModule/Recognizers/Wrappers/MBVisaRecognizerWrapper.h; sourceTree = "<group>"; };
		C0984B61A68DAC754C95E049 /* MBMrtdRecognizerWrapper.m */ = {isa = PBXFileReference; lastKnownFileType = sourcecode.c.objc; name = MBMrtdRecognizerWrapper.m; path = MicroblinkModule/Recognizers/Wrappers/MBMrtdRecognizerWrapper.m; sourceTree = "<group>"; };
		C2CD4F9CB62670595AE86877 /* MBBlinkIdSingleSideRecognizerWrapper.m */ = {isa = PBXFileReference; lastKnownFileType = sourcecode.c.objc; name = MBBlinkIdSingleSideRecognizerWrapper.m; path = MicroblinkModule/Recognizers/Wrappers/MBBlinkIdSingleSideRecognizerWrapper.m; sourceTree = "<group>"; };
		C47441D4AACC1A9CD79EBB91 /* MBCommonSerializationUtils.m */ = {isa = PBXFileReference; lastKnownFileType = sourcecode.c.objc; name = MBCommonSerializationUtils.m; path = MicroblinkModule/MBCommonSerializationUtils.m; sourceTree = "<group>"; };
		CCE542A69FD1F4776BF2D57B /* MBPassportRecognizerWrapper.h */ = {isa = PBXFileReference; lastKnownFileType = sourcecode.c.h; name = MBPassportRecognizerWrapper.h; path = MicroblinkModule/Recognizers/Wrappers/MBPassportRecognizerWrapper.h; sourceTree = "<group>"; };
		D1754FC69444B11ED1A1D756 /* MBBlinkIDModule.m */ = {isa = PBXFileReference; lastKnownFileType = sourcecode.c.objc; name = MBBlinkIDModule.m; path = MicroblinkModule/MBBlinkIDModule.m; sourceTree = "<group>"; };
		D21344FFA280251187B5613E /* MBBlinkIdOverlaySettingsSerialization.h */ = {isa = PBXFileReference; lastKnownFileType = sourcecode.c.h; name = MBBlinkIdOverlaySettingsSerialization.h; path = MicroblinkModule/Overlays/Serialization/MBBlinkIdOverlaySettingsSerialization.h; sourceTree = "<group>"; };
		D6274ED886D81AA4A2D45D25 /* MBBlinkIDSerializationUtils.h */ = {isa = PBXFileReference; lastKnownFileType = sourcecode.c.h; name = MBBlinkIDSerializationUtils.h; path = MicroblinkModule/MBBlinkIDSerializationUtils.h; sourceTree = "<group>"; };
		E0634B8CB723F3BEE0989429 /* MBOverlaySerializationUtils.m */ = {isa = PBXFileReference; lastKnownFileType = sourcecode.c.objc; name = MBOverlaySerializationUtils.m; path = MicroblinkModule/Overlays/MBOverlaySerializationUtils.m; sourceTree = "<group>"; };
		F2B04F24B030B5C906E46810 /* MBDocumentFaceRecognizerWrapper.m */ = {isa = PBXFileReference; lastKnownFileType = sourcecode.c.objc; name = MBDocumentFaceRecognizerWrapper.m; path = MicroblinkModule/Recognizers/Wrappers/MBDocumentFaceRecognizerWrapper.m; sourceTree = "<group>"; };
		F2BC4C4CBFCBA72A31335DC9 /* MBBlinkIDModule.h */ = {isa = PBXFileReference; lastKnownFileType = sourcecode.c.h; name = MBBlinkIDModule.h; path = MicroblinkModule/MBBlinkIDModule.h; sourceTree = "<group>"; };
		F60344FD8BD0E11642AD042B /* MBRecognizerSerializers.h */ = {isa = PBXFileReference; lastKnownFileType = sourcecode.c.h; name = MBRecognizerSerializers.h; path = MicroblinkModule/Recognizers/MBRecognizerSerializers.h; sourceTree = "<group>"; };
		F9E64AF6B43746C05452589E /* MBOverlaySettingsSerializers.h */ = {isa = PBXFileReference; lastKnownFileType = sourcecode.c.h; name = MBOverlaySettingsSerializers.h; path = MicroblinkModule/Overlays/MBOverlaySettingsSerializers.h; sourceTree = "<group>"; };
/* End PBXFileReference section */

/* Begin PBXFrameworksBuildPhase section */
		A27CCA281E9E57A500BED675 /* Frameworks */ = {
			isa = PBXFrameworksBuildPhase;
			buildActionMask = 2147483647;
			files = (
				A27CCA441E9E5DAE00BED675 /* CoreMedia.framework in Frameworks */,
				A27CCA431E9E5D9900BED675 /* AudioToolbox.framework in Frameworks */,
				A27CCA421E9E5D9400BED675 /* CoreFoundation.framework in Frameworks */,
				A27CCA401E9E5D8D00BED675 /* Accelerate.framework in Frameworks */,
			);
			runOnlyForDeploymentPostprocessing = 0;
		};
/* End PBXFrameworksBuildPhase section */

/* Begin PBXGroup section */
		71BB45A1BE6B7A155C74D11E /* Overlays */ = {
			isa = PBXGroup;
			children = (
				E0634B8CB723F3BEE0989429 /* MBOverlaySerializationUtils.m */,
				F3A54586AA2E113DFA2D656D /* Serialization */,
				774940F3B5774E794741E1E8 /* MBOverlayVCCreator.h */,
				9A234975930653860ED92975 /* MBOverlaySettingsSerializers.m */,
				7688479DBBD3FD92FF2C0859 /* MBOverlaySerializationUtils.h */,
				A6334A148B5CC46F7A03EB60 /* MBOverlayViewControllerDelegate.h */,
				F9E64AF6B43746C05452589E /* MBOverlaySettingsSerializers.h */,
			);
			name = Overlays;
			path = MicroblinkModule/Overlays;
			sourceTree = "<group>";
		};
		7E0945D49B4EA4A5427A8A10 /* Recognizers */ = {
			isa = PBXGroup;
			children = (
				18C143D7849CC15DBEF0CCC3 /* MBRecognizerWrapper.h */,
				B1174852AFB4002CAB0557B7 /* Wrappers */,
				F60344FD8BD0E11642AD042B /* MBRecognizerSerializers.h */,
				0FC245FF8F79ECB39B745EF1 /* MBRecognizerWrapper.m */,
				04A74DA8967F1A58E6283498 /* MBRecognizerSerializers.m */,
			);
			name = Recognizers;
			path = MicroblinkModule/Recognizers;
			sourceTree = "<group>";
		};
		9CF441EEB2597083804C9EF0 /* MicroblinkModule */ = {
			isa = PBXGroup;
			children = (
				8C704681B815D030AE1454D2 /* MBBlinkIDSerializationUtils.m */,
				C47441D4AACC1A9CD79EBB91 /* MBCommonSerializationUtils.m */,
				71BB45A1BE6B7A155C74D11E /* Overlays */,
				2FBE47A1AFC40937D9F8A2A0 /* MBSerializationUtils.m */,
				D1754FC69444B11ED1A1D756 /* MBBlinkIDModule.m */,
				D6274ED886D81AA4A2D45D25 /* MBBlinkIDSerializationUtils.h */,
				7E0945D49B4EA4A5427A8A10 /* Recognizers */,
				A30846DA9DB91667237FA2D4 /* MBCommonSerializationUtils.h */,
				F2BC4C4CBFCBA72A31335DC9 /* MBBlinkIDModule.h */,
				9CEC47569BCAE05163052DB7 /* MBSerializationUtils.h */,
			);
			name = MicroblinkModule;
			path = MicroblinkModule;
			sourceTree = "<group>";
		};
		A27CCA221E9E57A500BED675 = {
			isa = PBXGroup;
			children = (
				A27CCA2C1E9E57A500BED675 /* Products */,
				A27CCA371E9E57C900BED675 /* Frameworks */,
				9CF441EEB2597083804C9EF0 /* MicroblinkModule */,
			);
			sourceTree = "<group>";
		};
		A27CCA2C1E9E57A500BED675 /* Products */ = {
			isa = PBXGroup;
			children = (
				A27CCA2B1E9E57A500BED675 /* libMicroblinkModule.a */,
			);
			name = Products;
			sourceTree = "<group>";
		};
		A27CCA371E9E57C900BED675 /* Frameworks */ = {
			isa = PBXGroup;
			children = (
				A27CCA411E9E5D9400BED675 /* CoreFoundation.framework */,
				A27CCA3E1E9E57DA00BED675 /* CoreMedia.framework */,
				A27CCA3C1E9E57D600BED675 /* AVFoundation.framework */,
				A27CCA3A1E9E57CF00BED675 /* Accelerate.framework */,
				A27CCA381E9E57C900BED675 /* AudioToolbox.framework */,
			);
			name = Frameworks;
			sourceTree = "<group>";
		};
		B1174852AFB4002CAB0557B7 /* Wrappers */ = {
			isa = PBXGroup;
			children = (
				F2B04F24B030B5C906E46810 /* MBDocumentFaceRecognizerWrapper.m */,
				738945DCAE74FC75E8921C04 /* MBVisaRecognizerWrapper.m */,
				B1F24E259EC9EC443793C3A6 /* MBBlinkIdMultiSideRecognizerWrapper.m */,
				AA614FEC827BECFA309B581E /* MBSuccessFrameGrabberRecognizerWrapper.h */,
				C0984B61A68DAC754C95E049 /* MBMrtdRecognizerWrapper.m */,
				639D4279971ED7AC3E5B6B44 /* MBUsdlRecognizerWrapper.h */,
				1F1545EB85C4B2155C463EE7 /* MBBlinkIdSingleSideRecognizerWrapper.h */,
				92B6403AA2903244FE58FEEA /* MBMrtdCombinedRecognizerWrapper.m */,
				60A54E91984E18FECE3A79CC /* MBPassportRecognizerWrapper.m */,
				AA7446BE9DA5D31441956921 /* MBUsdlCombinedRecognizerWrapper.m */,
				5CEA4E68B143FF9B1673E515 /* MBIdBarcodeRecognizerWrapper.m */,
				C08843F593CE0A6844145EE9 /* MBVisaRecognizerWrapper.h */,
				4FFB458F81C61EECA8739514 /* MBDocumentFaceRecognizerWrapper.h */,
				B8B54310A4D9E741CC11CB62 /* MBMrtdCombinedRecognizerWrapper.h */,
				C2CD4F9CB62670595AE86877 /* MBBlinkIdSingleSideRecognizerWrapper.m */,
				588348239D6A90D72CA2E0A1 /* MBUsdlRecognizerWrapper.m */,
				340346A68CD497517A6C6E7B /* MBBlinkIdMultiSideRecognizerWrapper.h */,
				95BD46B1AC7390B3773A305B /* MBSuccessFrameGrabberRecognizerWrapper.m */,
				79954CB58C9CBFA782A75270 /* MBMrtdRecognizerWrapper.h */,
				40004BDEB6F9BD03E45BBC9B /* MBIdBarcodeRecognizerWrapper.h */,
				5FE346BCBEE976D52A910954 /* MBUsdlCombinedRecognizerWrapper.h */,
				CCE542A69FD1F4776BF2D57B /* MBPassportRecognizerWrapper.h */,
			);
			name = Wrappers;
			path = MicroblinkModule/Recognizers/Wrappers;
			sourceTree = "<group>";
		};
		F3A54586AA2E113DFA2D656D /* Serialization */ = {
			isa = PBXGroup;
			children = (
				32984268A80D395331E23F46 /* MBDocumentOverlaySettingsSerialization.h */,
				614F43E2929CF2C69650A554 /* MBDocumentVerificationOverlaySettingsSerialization.m */,
				2B7C4CBBB070CD6294BDFE5A /* MBBlinkIdOverlaySettingsSerialization.m */,
				7020477A8A065FB95FA0BF46 /* MBDocumentOverlaySettingsSerialization.m */,
				40FE44CFB7345A20C517A693 /* MBDocumentVerificationOverlaySettingsSerialization.h */,
				D21344FFA280251187B5613E /* MBBlinkIdOverlaySettingsSerialization.h */,
			);
			name = Serialization;
			path = MicroblinkModule/Overlays/Serialization;
			sourceTree = "<group>";
		};
/* End PBXGroup section */

/* Begin PBXHeadersBuildPhase section */
		399547DEAEB99451AC77FF74 /* Headers */ = {
			isa = PBXHeadersBuildPhase;
			buildActionMask = 2147483647;
			files = (
				9A814BF5ABBFFAB7722D6972 /* MBDocumentOverlaySettingsSerialization.h in Headers */,
				09724817BCF36FE42556BC76 /* MBDocumentVerificationOverlaySettingsSerialization.h in Headers */,
				9D7A4964A82BB9078967E953 /* MBBlinkIdOverlaySettingsSerialization.h in Headers */,
				C8FA4FB5A70BAA753D94CF6F /* MBOverlayVCCreator.h in Headers */,
				426A4904A0CF7839DB8A7B98 /* MBOverlaySerializationUtils.h in Headers */,
				05F2477D91A93440E93BF518 /* MBOverlayViewControllerDelegate.h in Headers */,
				B8EC48BD8B5DD6DBAFC6B9FC /* MBOverlaySettingsSerializers.h in Headers */,
				01504386B55BEB8C7C1DB505 /* MBBlinkIDSerializationUtils.h in Headers */,
				53CB403DB56D1BF6E3BA8EDF /* MBRecognizerWrapper.h in Headers */,
				493F44DFA00D2813624A42AF /* MBSuccessFrameGrabberRecognizerWrapper.h in Headers */,
				8A37418A9B31942B39F453BC /* MBUsdlRecognizerWrapper.h in Headers */,
				5BBE45F3B3C3F1C554132E0B /* MBBlinkIdSingleSideRecognizerWrapper.h in Headers */,
				220B4B9AAF9D2484543A67EE /* MBVisaRecognizerWrapper.h in Headers */,
				367746009A7363BC7995FD31 /* MBDocumentFaceRecognizerWrapper.h in Headers */,
				93D24F77B9A6BC323427C9B1 /* MBMrtdCombinedRecognizerWrapper.h in Headers */,
				0C054697836EF73A46B347AE /* MBBlinkIdMultiSideRecognizerWrapper.h in Headers */,
				350E4821A0F31227C0DEF839 /* MBMrtdRecognizerWrapper.h in Headers */,
				2DF748B4B1A14B8657A45D8F /* MBIdBarcodeRecognizerWrapper.h in Headers */,
				9E6D40718BB0A20FF9E51890 /* MBUsdlCombinedRecognizerWrapper.h in Headers */,
				E5BF4F1EA9BFB24A764AB171 /* MBPassportRecognizerWrapper.h in Headers */,
				E10E47879725388861BD750D /* MBRecognizerSerializers.h in Headers */,
				D44D47E3AB2D19D83CBB504B /* MBCommonSerializationUtils.h in Headers */,
				F7D243B486B3E0F81928D863 /* MBBlinkIDModule.h in Headers */,
				A3784F7EA4A299B977C9FAF7 /* MBSerializationUtils.h in Headers */,
			);
			runOnlyForDeploymentPostprocessing = 0;
		};
/* End PBXHeadersBuildPhase section */

/* Begin PBXNativeTarget section */
		A27CCA2A1E9E57A500BED675 /* MicroblinkModule */ = {
			isa = PBXNativeTarget;
			buildConfigurationList = A27CCA341E9E57A500BED675 /* Build configuration list for PBXNativeTarget "MicroblinkModule" */;
			buildPhases = (
				A27CCA271E9E57A500BED675 /* Sources */,
				A27CCA281E9E57A500BED675 /* Frameworks */,
				A27CCA291E9E57A500BED675 /* CopyFiles */,
				399547DEAEB99451AC77FF74 /* Headers */,
			);
			buildRules = (
			);
			dependencies = (
			);
			name = MicroblinkModule;
			productName = BlinkIDReactNative;
			productReference = A27CCA2B1E9E57A500BED675 /* libMicroblinkModule.a */;
			productType = "com.apple.product-type.library.static";
		};
/* End PBXNativeTarget section */

/* Begin PBXProject section */
		A27CCA231E9E57A500BED675 /* Project object */ = {
			isa = PBXProject;
			attributes = {
				LastUpgradeCheck = 830;
				ORGANIZATIONNAME = "Jura Skrlec";
				TargetAttributes = {
					A27CCA2A1E9E57A500BED675 = {
						CreatedOnToolsVersion = 8.3.1;
						DevelopmentTeam = CQTJWP89J7;
						ProvisioningStyle = Automatic;
					};
				};
			};
			buildConfigurationList = A27CCA261E9E57A500BED675 /* Build configuration list for PBXProject "MicroblinkModule" */;
			compatibilityVersion = "Xcode 3.2";
			developmentRegion = English;
			hasScannedForEncodings = 0;
			knownRegions = (
				English,
				en,
			);
			mainGroup = A27CCA221E9E57A500BED675;
			productRefGroup = A27CCA2C1E9E57A500BED675 /* Products */;
			projectDirPath = "";
			projectRoot = "";
			targets = (
				A27CCA2A1E9E57A500BED675 /* MicroblinkModule */,
			);
		};
/* End PBXProject section */

/* Begin PBXSourcesBuildPhase section */
		A27CCA271E9E57A500BED675 /* Sources */ = {
			isa = PBXSourcesBuildPhase;
			buildActionMask = 2147483647;
			files = (
				65244826B8B7DE28190CC751 /* MBBlinkIDSerializationUtils.m in Sources */,
				667843ABB1A1D5D3CF7C9955 /* MBCommonSerializationUtils.m in Sources */,
				F2944D96908A0A0B0F071F40 /* MBOverlaySerializationUtils.m in Sources */,
				5E5E4BC3B1745C2253BBA61C /* MBDocumentVerificationOverlaySettingsSerialization.m in Sources */,
				EC1D47BF946632625BE81695 /* MBBlinkIdOverlaySettingsSerialization.m in Sources */,
				01454CF1B12F92AF16107AE3 /* MBDocumentOverlaySettingsSerialization.m in Sources */,
				2A1D40FC8F7665631A25F065 /* MBOverlaySettingsSerializers.m in Sources */,
				8BB44CDB8673C0170EC63DD5 /* MBSerializationUtils.m in Sources */,
				169F4573AFFBC5F55FF41ED0 /* MBBlinkIDModule.m in Sources */,
				10F24EB29FB292E95FC9E360 /* MBDocumentFaceRecognizerWrapper.m in Sources */,
				48854E37817C4180CDD47DB1 /* MBVisaRecognizerWrapper.m in Sources */,
				7C1D435B98895B4C104A9032 /* MBBlinkIdMultiSideRecognizerWrapper.m in Sources */,
				C40F44349BF06287B9BA3C4D /* MBMrtdRecognizerWrapper.m in Sources */,
				19C64FE9848C11ECD57AD1D8 /* MBMrtdCombinedRecognizerWrapper.m in Sources */,
				27464139BAF01081196F9294 /* MBPassportRecognizerWrapper.m in Sources */,
				9C954B01AF88EF322C29C08D /* MBUsdlCombinedRecognizerWrapper.m in Sources */,
				BE8E468A80AA26B1788BFAF5 /* MBIdBarcodeRecognizerWrapper.m in Sources */,
				00E94E2AA919A439B4DC7686 /* MBBlinkIdSingleSideRecognizerWrapper.m in Sources */,
				DEBE4AEDADADC85EC258F504 /* MBUsdlRecognizerWrapper.m in Sources */,
				17D44D51BA0DC1A6A54E1376 /* MBSuccessFrameGrabberRecognizerWrapper.m in Sources */,
				93BC4695AF6CA9507350E276 /* MBRecognizerWrapper.m in Sources */,
				032A4376AF5ACF69147273D2 /* MBRecognizerSerializers.m in Sources */,
			);
			runOnlyForDeploymentPostprocessing = 0;
		};
/* End PBXSourcesBuildPhase section */

/* Begin XCBuildConfiguration section */
		A27CCA321E9E57A500BED675 /* Debug */ = {
			isa = XCBuildConfiguration;
			buildSettings = {
				ALWAYS_SEARCH_USER_PATHS = NO;
				CLANG_ANALYZER_NONNULL = YES;
				CLANG_ANALYZER_NUMBER_OBJECT_CONVERSION = YES_AGGRESSIVE;
				CLANG_CXX_LANGUAGE_STANDARD = "gnu++0x";
				CLANG_CXX_LIBRARY = "libc++";
				CLANG_ENABLE_MODULES = YES;
				CLANG_ENABLE_OBJC_ARC = YES;
				CLANG_WARN_BOOL_CONVERSION = YES;
				CLANG_WARN_CONSTANT_CONVERSION = YES;
				CLANG_WARN_DIRECT_OBJC_ISA_USAGE = YES_ERROR;
				CLANG_WARN_DOCUMENTATION_COMMENTS = YES;
				CLANG_WARN_EMPTY_BODY = YES;
				CLANG_WARN_ENUM_CONVERSION = YES;
				CLANG_WARN_INFINITE_RECURSION = YES;
				CLANG_WARN_INT_CONVERSION = YES;
				CLANG_WARN_OBJC_ROOT_CLASS = YES_ERROR;
				CLANG_WARN_SUSPICIOUS_MOVE = YES;
				CLANG_WARN_UNREACHABLE_CODE = YES;
				CLANG_WARN__DUPLICATE_METHOD_MATCH = YES;
				"CODE_SIGN_IDENTITY[sdk=iphoneos*]" = "iPhone Developer";
				COPY_PHASE_STRIP = NO;
				DEBUG_INFORMATION_FORMAT = dwarf;
				ENABLE_STRICT_OBJC_MSGSEND = YES;
				ENABLE_TESTABILITY = YES;
				FRAMEWORK_SEARCH_PATHS = "/Users/juraskrlec/Documents/projects/blinkid-react-native-custom/blinkid-react-native/BlinkIDReactNative/ios/Pods/PPBlinkID";
				GCC_C_LANGUAGE_STANDARD = gnu99;
				GCC_DYNAMIC_NO_PIC = NO;
				GCC_NO_COMMON_BLOCKS = YES;
				GCC_OPTIMIZATION_LEVEL = 0;
				GCC_PREPROCESSOR_DEFINITIONS = (
					"DEBUG=1",
					"$(inherited)",
				);
				GCC_WARN_64_TO_32_BIT_CONVERSION = YES;
				GCC_WARN_ABOUT_RETURN_TYPE = YES_ERROR;
				GCC_WARN_UNDECLARED_SELECTOR = YES;
				GCC_WARN_UNINITIALIZED_AUTOS = YES_AGGRESSIVE;
				GCC_WARN_UNUSED_FUNCTION = YES;
				GCC_WARN_UNUSED_VARIABLE = YES;
				IPHONEOS_DEPLOYMENT_TARGET = 13.0;
				MTL_ENABLE_DEBUG_INFO = YES;
				ONLY_ACTIVE_ARCH = YES;
				SDKROOT = iphoneos;
			};
			name = Debug;
		};
		A27CCA331E9E57A500BED675 /* Release */ = {
			isa = XCBuildConfiguration;
			buildSettings = {
				ALWAYS_SEARCH_USER_PATHS = NO;
				CLANG_ANALYZER_NONNULL = YES;
				CLANG_ANALYZER_NUMBER_OBJECT_CONVERSION = YES_AGGRESSIVE;
				CLANG_CXX_LANGUAGE_STANDARD = "gnu++0x";
				CLANG_CXX_LIBRARY = "libc++";
				CLANG_ENABLE_MODULES = YES;
				CLANG_ENABLE_OBJC_ARC = YES;
				CLANG_WARN_BOOL_CONVERSION = YES;
				CLANG_WARN_CONSTANT_CONVERSION = YES;
				CLANG_WARN_DIRECT_OBJC_ISA_USAGE = YES_ERROR;
				CLANG_WARN_DOCUMENTATION_COMMENTS = YES;
				CLANG_WARN_EMPTY_BODY = YES;
				CLANG_WARN_ENUM_CONVERSION = YES;
				CLANG_WARN_INFINITE_RECURSION = YES;
				CLANG_WARN_INT_CONVERSION = YES;
				CLANG_WARN_OBJC_ROOT_CLASS = YES_ERROR;
				CLANG_WARN_SUSPICIOUS_MOVE = YES;
				CLANG_WARN_UNREACHABLE_CODE = YES;
				CLANG_WARN__DUPLICATE_METHOD_MATCH = YES;
				"CODE_SIGN_IDENTITY[sdk=iphoneos*]" = "iPhone Developer";
				COPY_PHASE_STRIP = NO;
				DEBUG_INFORMATION_FORMAT = "dwarf-with-dsym";
				ENABLE_NS_ASSERTIONS = NO;
				ENABLE_STRICT_OBJC_MSGSEND = YES;
				FRAMEWORK_SEARCH_PATHS = "/Users/juraskrlec/Documents/projects/blinkid-react-native-custom/blinkid-react-native/BlinkIDReactNative/ios/Pods/PPBlinkID";
				GCC_C_LANGUAGE_STANDARD = gnu99;
				GCC_NO_COMMON_BLOCKS = YES;
				GCC_WARN_64_TO_32_BIT_CONVERSION = YES;
				GCC_WARN_ABOUT_RETURN_TYPE = YES_ERROR;
				GCC_WARN_UNDECLARED_SELECTOR = YES;
				GCC_WARN_UNINITIALIZED_AUTOS = YES_AGGRESSIVE;
				GCC_WARN_UNUSED_FUNCTION = YES;
				GCC_WARN_UNUSED_VARIABLE = YES;
				IPHONEOS_DEPLOYMENT_TARGET = 13.0;
				MTL_ENABLE_DEBUG_INFO = NO;
				SDKROOT = iphoneos;
				VALIDATE_PRODUCT = YES;
			};
			name = Release;
		};
		A27CCA351E9E57A500BED675 /* Debug */ = {
			isa = XCBuildConfiguration;
			buildSettings = {
				DEVELOPMENT_TEAM = CQTJWP89J7;
				FRAMEWORK_SEARCH_PATHS = (
					"$(inherited)",
					"$(PODS_ROOT)/PPBlinkID",
					"$(SRCROOT)/../../../../../ios/**",
					"$(PROJECT_DIR)",
				);
				HEADER_SEARCH_PATHS = (
					"$(SRCROOT)/../../node_modules/react-native/React",
					"$(SRCROOT)/../../node_modules/react-native/ReactCommon",
					"${PODS_ROOT}/Headers/Public/React",
					"${PODS_ROOT}/Headers/Public/yoga",
					"${PODS_ROOT}/Headers/Public",
				);
				IPHONEOS_DEPLOYMENT_TARGET = "$(inherited)";
				LIBRARY_SEARCH_PATHS = (
					"$(SRCROOT)/MicroblinkModule",
					"$(SRCROOT)/MicroblinkModule/Overlays",
					"$(SRCROOT)/MicroblinkModule/Overlays/Serialization",
					"$(SRCROOT)/MicroblinkModule/Recognizers",
					"$(SRCROOT)/MicroblinkModule/Recognizers/Wrappers",
				);
				OTHER_LDFLAGS = (
					"-ObjC",
					"-liconv",
					"-lc++",
					"-lz",
				);
				PODS_ROOT = "${SRCROOT}/../../../../../ios/Pods";
				PRODUCT_NAME = "$(TARGET_NAME)";
				SKIP_INSTALL = YES;
			};
			name = Debug;
		};
		A27CCA361E9E57A500BED675 /* Release */ = {
			isa = XCBuildConfiguration;
			buildSettings = {
				DEVELOPMENT_TEAM = CQTJWP89J7;
				FRAMEWORK_SEARCH_PATHS = (
					"$(inherited)",
					"$(PODS_ROOT)/PPBlinkID",
					"$(SRCROOT)/../../../../../ios/**",
					"$(PROJECT_DIR)",
				);
				HEADER_SEARCH_PATHS = (
					"$(SRCROOT)/../../node_modules/react-native/React",
					"$(SRCROOT)/../../node_modules/react-native/ReactCommon",
					"${PODS_ROOT}/Headers/Public/React",
					"${PODS_ROOT}/Headers/Public/yoga",
					"${PODS_ROOT}/Headers/Public",
				);
				IPHONEOS_DEPLOYMENT_TARGET = "$(inherited)";
				LIBRARY_SEARCH_PATHS = (
					"$(SRCROOT)/MicroblinkModule",
					"$(SRCROOT)/MicroblinkModule/Overlays",
					"$(SRCROOT)/MicroblinkModule/Overlays/Serialization",
					"$(SRCROOT)/MicroblinkModule/Recognizers",
					"$(SRCROOT)/MicroblinkModule/Recognizers/Wrappers",
				);
				OTHER_LDFLAGS = (
					"-ObjC",
					"-liconv",
					"-lc++",
					"-lz",
				);
				PODS_ROOT = "${SRCROOT}/../../../../../ios/Pods";
				PRODUCT_NAME = "$(TARGET_NAME)";
				SKIP_INSTALL = YES;
			};
			name = Release;
		};
/* End XCBuildConfiguration section */

/* Begin XCConfigurationList section */
		A27CCA261E9E57A500BED675 /* Build configuration list for PBXProject "MicroblinkModule" */ = {
			isa = XCConfigurationList;
			buildConfigurations = (
				A27CCA321E9E57A500BED675 /* Debug */,
				A27CCA331E9E57A500BED675 /* Release */,
			);
			defaultConfigurationIsVisible = 0;
			defaultConfigurationName = Release;
		};
		A27CCA341E9E57A500BED675 /* Build configuration list for PBXNativeTarget "MicroblinkModule" */ = {
			isa = XCConfigurationList;
			buildConfigurations = (
				A27CCA351E9E57A500BED675 /* Debug */,
				A27CCA361E9E57A500BED675 /* Release */,
			);
			defaultConfigurationIsVisible = 0;
			defaultConfigurationName = Release;
		};
/* End XCConfigurationList section */
	};
	rootObject = A27CCA231E9E57A500BED675 /* Project object */;
}

