// !$*UTF8*$!
{
	archiveVersion = 1;
	classes = {
	};
	objectVersion = 46;
	objects = {

/* Begin PBXBuildFile section */
		140E4EC5960AC20C611F3DE1 /* MBUsdlRecognizerWrapper.m in Sources */ = {isa = PBXBuildFile; fileRef = 740242BAA4E91C70CE6CFB96 /* MBUsdlRecognizerWrapper.m */; };
		18CA4041874D0B3D6344E16B /* MBOverlaySerializationUtils.m in Sources */ = {isa = PBXBuildFile; fileRef = 6571424CB83D2E54B8CB815F /* MBOverlaySerializationUtils.m */; };
		1A0142868BA72B0AE13E4EB2 /* MBBlinkIDSerializationUtils.m in Sources */ = {isa = PBXBuildFile; fileRef = 80AB4E46A53C5A9C176FADE8 /* MBBlinkIDSerializationUtils.m */; };
		1C79465CBC95851519CEBADE /* MBDocumentVerificationOverlaySettingsSerialization.h in Headers */ = {isa = PBXBuildFile; fileRef = F0F947DDB3911F445CCE68E6 /* MBDocumentVerificationOverlaySettingsSerialization.h */; };
		1FFF4E99AE04DB71BA29480D /* MBDocumentVerificationOverlaySettingsSerialization.m in Sources */ = {isa = PBXBuildFile; fileRef = 365A452589AFCE4C49C59C54 /* MBDocumentVerificationOverlaySettingsSerialization.m */; };
		4C764F55B3DBF492808880F2 /* MBVisaRecognizerWrapper.m in Sources */ = {isa = PBXBuildFile; fileRef = DE2B4C0FA708FF1C4B1F9E72 /* MBVisaRecognizerWrapper.m */; };
		4D1A4E95BB09E2347A19A70A /* MBDocumentFaceRecognizerWrapper.m in Sources */ = {isa = PBXBuildFile; fileRef = EA5E438A90DC90F338EF448D /* MBDocumentFaceRecognizerWrapper.m */; };
		4FFA454C9B8C6A6174A16455 /* MBBlinkIdOverlaySettingsSerialization.m in Sources */ = {isa = PBXBuildFile; fileRef = 1C64494C8027A62518DC1CB8 /* MBBlinkIdOverlaySettingsSerialization.m */; };
		51B94D729123F72C580B2CCB /* MBSuccessFrameGrabberRecognizerWrapper.m in Sources */ = {isa = PBXBuildFile; fileRef = 54D04BC6A6F32B37936A97CB /* MBSuccessFrameGrabberRecognizerWrapper.m */; };
		6783421EA7C1C5E28FEE937D /* MBDocumentOverlaySettingsSerialization.h in Headers */ = {isa = PBXBuildFile; fileRef = BD5C47B3B0B9160CB06EFFE8 /* MBDocumentOverlaySettingsSerialization.h */; };
		67EB4441A8F36E405BE6DA81 /* MBMrtdCombinedRecognizerWrapper.m in Sources */ = {isa = PBXBuildFile; fileRef = 570A40FBA7A4136402F67DC3 /* MBMrtdCombinedRecognizerWrapper.m */; };
		6CC84EFFB35304B147C6B8D3 /* MBBlinkIdOverlaySettingsSerialization.h in Headers */ = {isa = PBXBuildFile; fileRef = D7294175B39AE1426CDA2A74 /* MBBlinkIdOverlaySettingsSerialization.h */; };
		7ADA40978856D2F1902D6764 /* MBDocumentOverlaySettingsSerialization.m in Sources */ = {isa = PBXBuildFile; fileRef = 45AC4137ABA8C52835839CF3 /* MBDocumentOverlaySettingsSerialization.m */; };
		7F604A8E97898411246106A7 /* MBBlinkIdRecognizerWrapper.m in Sources */ = {isa = PBXBuildFile; fileRef = 33A84A5E9DAD2F6E41878372 /* MBBlinkIdRecognizerWrapper.m */; };
		86AA4F348B4F58CE59E5F08C /* MBSuccessFrameGrabberRecognizerWrapper.h in Headers */ = {isa = PBXBuildFile; fileRef = B99D48CB81874689D3E21911 /* MBSuccessFrameGrabberRecognizerWrapper.h */; };
		885343B5979B66365962075E /* MBOverlaySettingsSerializers.m in Sources */ = {isa = PBXBuildFile; fileRef = 27874CF4963B8BDC207FB87F /* MBOverlaySettingsSerializers.m */; };
		8BA14ABF872B2B49114EB544 /* MBBlinkIdCombinedRecognizerWrapper.h in Headers */ = {isa = PBXBuildFile; fileRef = 1F14446BAEFF5C886A1A9FF4 /* MBBlinkIdCombinedRecognizerWrapper.h */; };
		8E004EA7AC3201F2F9FABD5C /* MBDocumentFaceRecognizerWrapper.h in Headers */ = {isa = PBXBuildFile; fileRef = DD8D420A8B5628C16222254D /* MBDocumentFaceRecognizerWrapper.h */; };
		956044E1A1B3CBC4E612EE56 /* MBBlinkIDSerializationUtils.h in Headers */ = {isa = PBXBuildFile; fileRef = 9076401E8D0603621D65AB63 /* MBBlinkIDSerializationUtils.h */; };
		A27CCA401E9E5D8D00BED675 /* Accelerate.framework in Frameworks */ = {isa = PBXBuildFile; fileRef = A27CCA3A1E9E57CF00BED675 /* Accelerate.framework */; };
		A27CCA421E9E5D9400BED675 /* CoreFoundation.framework in Frameworks */ = {isa = PBXBuildFile; fileRef = A27CCA411E9E5D9400BED675 /* CoreFoundation.framework */; };
		A27CCA431E9E5D9900BED675 /* AudioToolbox.framework in Frameworks */ = {isa = PBXBuildFile; fileRef = A27CCA381E9E57C900BED675 /* AudioToolbox.framework */; };
		A27CCA441E9E5DAE00BED675 /* CoreMedia.framework in Frameworks */ = {isa = PBXBuildFile; fileRef = A27CCA3E1E9E57DA00BED675 /* CoreMedia.framework */; };
		A7E646D5AFD2C0D627DDAAEB /* MBBlinkIdCombinedRecognizerWrapper.m in Sources */ = {isa = PBXBuildFile; fileRef = D7DF44318CE449F55AE29150 /* MBBlinkIdCombinedRecognizerWrapper.m */; };
		AF234F43B4C0FD01F45D0139 /* MBBlinkIdRecognizerWrapper.h in Headers */ = {isa = PBXBuildFile; fileRef = F486460998BD54B7407CB5A1 /* MBBlinkIdRecognizerWrapper.h */; };
		B3AE48ECB407BAFEAC138507 /* MBUsdlRecognizerWrapper.h in Headers */ = {isa = PBXBuildFile; fileRef = A2DD40BEBA7B77E1DCB1D5C1 /* MBUsdlRecognizerWrapper.h */; };
		B741495D9BDBFE21686AB1C7 /* MBOverlaySettingsSerializers.h in Headers */ = {isa = PBXBuildFile; fileRef = 17584FF7B8BEEA43E2046BDC /* MBOverlaySettingsSerializers.h */; };
		BA344DC0A1832E41885858BC /* MBMrtdRecognizerWrapper.m in Sources */ = {isa = PBXBuildFile; fileRef = D5764C8BBB06019A6232D38C /* MBMrtdRecognizerWrapper.m */; };
		BB5E4A7D85365D946862C8D1 /* MBMrtdCombinedRecognizerWrapper.h in Headers */ = {isa = PBXBuildFile; fileRef = 30184CBE84243F86513A7668 /* MBMrtdCombinedRecognizerWrapper.h */; };
		C1F6459FABDE01823FCD2BFB /* MBRecognizerWrapper.h in Headers */ = {isa = PBXBuildFile; fileRef = AD814C97B562D96495F1785F /* MBRecognizerWrapper.h */; };
		C3F6462F84FA3A69EC61FF75 /* MBSerializationUtils.h in Headers */ = {isa = PBXBuildFile; fileRef = 62EC4424A4C6362AA8C70E56 /* MBSerializationUtils.h */; };
		C9334706A41E520FD3DC5943 /* MBRecognizerWrapper.m in Sources */ = {isa = PBXBuildFile; fileRef = 1ACE4C86972DFB21898B466D /* MBRecognizerWrapper.m */; };
		CB814A518D573C31689F23B6 /* MBOverlayViewControllerDelegate.h in Headers */ = {isa = PBXBuildFile; fileRef = 284843CC8ADD71FE61ABDE51 /* MBOverlayViewControllerDelegate.h */; };
		D23D456BB06744AB052A6FE7 /* MBOverlayVCCreator.h in Headers */ = {isa = PBXBuildFile; fileRef = F8934BCF933B4952EC33E44B /* MBOverlayVCCreator.h */; };
		D8F84FA5B3792B29B524F87B /* MBVisaRecognizerWrapper.h in Headers */ = {isa = PBXBuildFile; fileRef = 89774FBE86FCE00A4937580D /* MBVisaRecognizerWrapper.h */; };
		D95F45D1B9E03B8EA5EEEF61 /* MBRecognizerSerializers.h in Headers */ = {isa = PBXBuildFile; fileRef = B74F4AB9B97384F1CFCD600D /* MBRecognizerSerializers.h */; };
		DA8D4C4CB0FD3F9664C59601 /* MBMicroblinkModule.h in Headers */ = {isa = PBXBuildFile; fileRef = 37204A1A9F7BBCA2D3BCAE41 /* MBMicroblinkModule.h */; };
		E1624F98A15B2BF3BCBB634E /* MBOverlaySerializationUtils.h in Headers */ = {isa = PBXBuildFile; fileRef = 4F7549169E4A9031A21D9135 /* MBOverlaySerializationUtils.h */; };
		E7E3439EB1C1A75602F5ADBD /* MBMicroblinkModule.m in Sources */ = {isa = PBXBuildFile; fileRef = 9B044DA8B4BAD4ADFEC1CBA5 /* MBMicroblinkModule.m */; };
		E7F84AEEB5D75F69C07EDD80 /* MBUsdlCombinedRecognizerWrapper.h in Headers */ = {isa = PBXBuildFile; fileRef = 371D4C099AF39B41550D36CC /* MBUsdlCombinedRecognizerWrapper.h */; };
		EA13430495ED0EECC3EE79E2 /* MBRecognizerSerializers.m in Sources */ = {isa = PBXBuildFile; fileRef = 705047D1AB5182D797F9B663 /* MBRecognizerSerializers.m */; };
		EB56467D9B235340FC727F75 /* MBUsdlCombinedRecognizerWrapper.m in Sources */ = {isa = PBXBuildFile; fileRef = F1194888A92D6AB57F0DC2A2 /* MBUsdlCombinedRecognizerWrapper.m */; };
		F16248EC8DA0EDE4A66F593C /* MBSerializationUtils.m in Sources */ = {isa = PBXBuildFile; fileRef = D356452C81EE046A3A026B71 /* MBSerializationUtils.m */; };
		F4364508815549F175E21C8A /* MBMrtdRecognizerWrapper.h in Headers */ = {isa = PBXBuildFile; fileRef = D5B14C0C9E0F5C6F4A6F9218 /* MBMrtdRecognizerWrapper.h */; };
		F4BC40B484CE083303516C15 /* MBPassportRecognizerWrapper.h in Headers */ = {isa = PBXBuildFile; fileRef = CABD44499C604BB734B744F4 /* MBPassportRecognizerWrapper.h */; };
		F70E4057919CD02E9285BA50 /* .gitignore in Resources */ = {isa = PBXBuildFile; fileRef = 77D24E5CA5725E6C2744A467 /* .gitignore */; };
		F81943B2832DBEFCCEA00391 /* MBPassportRecognizerWrapper.m in Sources */ = {isa = PBXBuildFile; fileRef = 428E4B39814E007D2901DA99 /* MBPassportRecognizerWrapper.m */; };
/* End PBXBuildFile section */

/* Begin PBXCopyFilesBuildPhase section */
		A27CCA291E9E57A500BED675 /* CopyFiles */ = {
			isa = PBXCopyFilesBuildPhase;
			buildActionMask = 2147483647;
			dstPath = "include/$(PRODUCT_NAME)";
			dstSubfolderSpec = 16;
			files = (
			);
			runOnlyForDeploymentPostprocessing = 0;
		};
/* End PBXCopyFilesBuildPhase section */

/* Begin PBXFileReference section */
		17584FF7B8BEEA43E2046BDC /* MBOverlaySettingsSerializers.h */ = {isa = PBXFileReference; lastKnownFileType = sourcecode.c.h; name = MBOverlaySettingsSerializers.h; path = MicroblinkModule/Overlays/MBOverlaySettingsSerializers.h; sourceTree = SOURCE_ROOT; };
		1ACE4C86972DFB21898B466D /* MBRecognizerWrapper.m */ = {isa = PBXFileReference; lastKnownFileType = sourcecode.c.objc; name = MBRecognizerWrapper.m; path = MicroblinkModule/Recognizers/MBRecognizerWrapper.m; sourceTree = SOURCE_ROOT; };
		1C64494C8027A62518DC1CB8 /* MBBlinkIdOverlaySettingsSerialization.m */ = {isa = PBXFileReference; lastKnownFileType = sourcecode.c.objc; name = MBBlinkIdOverlaySettingsSerialization.m; path = MicroblinkModule/Overlays/Serialization/MBBlinkIdOverlaySettingsSerialization.m; sourceTree = SOURCE_ROOT; };
		1F14446BAEFF5C886A1A9FF4 /* MBBlinkIdCombinedRecognizerWrapper.h */ = {isa = PBXFileReference; lastKnownFileType = sourcecode.c.h; name = MBBlinkIdCombinedRecognizerWrapper.h; path = MicroblinkModule/Recognizers/Wrappers/MBBlinkIdCombinedRecognizerWrapper.h; sourceTree = SOURCE_ROOT; };
		27874CF4963B8BDC207FB87F /* MBOverlaySettingsSerializers.m */ = {isa = PBXFileReference; lastKnownFileType = sourcecode.c.objc; name = MBOverlaySettingsSerializers.m; path = MicroblinkModule/Overlays/MBOverlaySettingsSerializers.m; sourceTree = SOURCE_ROOT; };
		284843CC8ADD71FE61ABDE51 /* MBOverlayViewControllerDelegate.h */ = {isa = PBXFileReference; lastKnownFileType = sourcecode.c.h; name = MBOverlayViewControllerDelegate.h; path = MicroblinkModule/Overlays/MBOverlayViewControllerDelegate.h; sourceTree = SOURCE_ROOT; };
		30184CBE84243F86513A7668 /* MBMrtdCombinedRecognizerWrapper.h */ = {isa = PBXFileReference; lastKnownFileType = sourcecode.c.h; name = MBMrtdCombinedRecognizerWrapper.h; path = MicroblinkModule/Recognizers/Wrappers/MBMrtdCombinedRecognizerWrapper.h; sourceTree = SOURCE_ROOT; };
		33A84A5E9DAD2F6E41878372 /* MBBlinkIdRecognizerWrapper.m */ = {isa = PBXFileReference; lastKnownFileType = sourcecode.c.objc; name = MBBlinkIdRecognizerWrapper.m; path = MicroblinkModule/Recognizers/Wrappers/MBBlinkIdRecognizerWrapper.m; sourceTree = SOURCE_ROOT; };
		365A452589AFCE4C49C59C54 /* MBDocumentVerificationOverlaySettingsSerialization.m */ = {isa = PBXFileReference; lastKnownFileType = sourcecode.c.objc; name = MBDocumentVerificationOverlaySettingsSerialization.m; path = MicroblinkModule/Overlays/Serialization/MBDocumentVerificationOverlaySettingsSerialization.m; sourceTree = SOURCE_ROOT; };
		371D4C099AF39B41550D36CC /* MBUsdlCombinedRecognizerWrapper.h */ = {isa = PBXFileReference; lastKnownFileType = sourcecode.c.h; name = MBUsdlCombinedRecognizerWrapper.h; path = MicroblinkModule/Recognizers/Wrappers/MBUsdlCombinedRecognizerWrapper.h; sourceTree = SOURCE_ROOT; };
		37204A1A9F7BBCA2D3BCAE41 /* MBMicroblinkModule.h */ = {isa = PBXFileReference; lastKnownFileType = sourcecode.c.h; name = MBMicroblinkModule.h; path = MicroblinkModule/MBMicroblinkModule.h; sourceTree = SOURCE_ROOT; };
		428E4B39814E007D2901DA99 /* MBPassportRecognizerWrapper.m */ = {isa = PBXFileReference; lastKnownFileType = sourcecode.c.objc; name = MBPassportRecognizerWrapper.m; path = MicroblinkModule/Recognizers/Wrappers/MBPassportRecognizerWrapper.m; sourceTree = SOURCE_ROOT; };
		45AC4137ABA8C52835839CF3 /* MBDocumentOverlaySettingsSerialization.m */ = {isa = PBXFileReference; lastKnownFileType = sourcecode.c.objc; name = MBDocumentOverlaySettingsSerialization.m; path = MicroblinkModule/Overlays/Serialization/MBDocumentOverlaySettingsSerialization.m; sourceTree = SOURCE_ROOT; };
		4F7549169E4A9031A21D9135 /* MBOverlaySerializationUtils.h */ = {isa = PBXFileReference; lastKnownFileType = sourcecode.c.h; name = MBOverlaySerializationUtils.h; path = MicroblinkModule/Overlays/MBOverlaySerializationUtils.h; sourceTree = SOURCE_ROOT; };
		54D04BC6A6F32B37936A97CB /* MBSuccessFrameGrabberRecognizerWrapper.m */ = {isa = PBXFileReference; lastKnownFileType = sourcecode.c.objc; name = MBSuccessFrameGrabberRecognizerWrapper.m; path = MicroblinkModule/Recognizers/Wrappers/MBSuccessFrameGrabberRecognizerWrapper.m; sourceTree = SOURCE_ROOT; };
		570A40FBA7A4136402F67DC3 /* MBMrtdCombinedRecognizerWrapper.m */ = {isa = PBXFileReference; lastKnownFileType = sourcecode.c.objc; name = MBMrtdCombinedRecognizerWrapper.m; path = MicroblinkModule/Recognizers/Wrappers/MBMrtdCombinedRecognizerWrapper.m; sourceTree = SOURCE_ROOT; };
		62EC4424A4C6362AA8C70E56 /* MBSerializationUtils.h */ = {isa = PBXFileReference; lastKnownFileType = sourcecode.c.h; name = MBSerializationUtils.h; path = MicroblinkModule/MBSerializationUtils.h; sourceTree = SOURCE_ROOT; };
		6571424CB83D2E54B8CB815F /* MBOverlaySerializationUtils.m */ = {isa = PBXFileReference; lastKnownFileType = sourcecode.c.objc; name = MBOverlaySerializationUtils.m; path = MicroblinkModule/Overlays/MBOverlaySerializationUtils.m; sourceTree = SOURCE_ROOT; };
		705047D1AB5182D797F9B663 /* MBRecognizerSerializers.m */ = {isa = PBXFileReference; lastKnownFileType = sourcecode.c.objc; name = MBRecognizerSerializers.m; path = MicroblinkModule/Recognizers/MBRecognizerSerializers.m; sourceTree = SOURCE_ROOT; };
		740242BAA4E91C70CE6CFB96 /* MBUsdlRecognizerWrapper.m */ = {isa = PBXFileReference; lastKnownFileType = sourcecode.c.objc; name = MBUsdlRecognizerWrapper.m; path = MicroblinkModule/Recognizers/Wrappers/MBUsdlRecognizerWrapper.m; sourceTree = SOURCE_ROOT; };
		77D24E5CA5725E6C2744A467 /* .gitignore */ = {isa = PBXFileReference; lastKnownFileType = text; name = .gitignore; path = MicroblinkModule/Overlays/Serialization/.gitignore; sourceTree = SOURCE_ROOT; };
		80AB4E46A53C5A9C176FADE8 /* MBBlinkIDSerializationUtils.m */ = {isa = PBXFileReference; lastKnownFileType = sourcecode.c.objc; name = MBBlinkIDSerializationUtils.m; path = MicroblinkModule/MBBlinkIDSerializationUtils.m; sourceTree = SOURCE_ROOT; };
		89774FBE86FCE00A4937580D /* MBVisaRecognizerWrapper.h */ = {isa = PBXFileReference; lastKnownFileType = sourcecode.c.h; name = MBVisaRecognizerWrapper.h; path = MicroblinkModule/Recognizers/Wrappers/MBVisaRecognizerWrapper.h; sourceTree = SOURCE_ROOT; };
		9076401E8D0603621D65AB63 /* MBBlinkIDSerializationUtils.h */ = {isa = PBXFileReference; lastKnownFileType = sourcecode.c.h; name = MBBlinkIDSerializationUtils.h; path = MicroblinkModule/MBBlinkIDSerializationUtils.h; sourceTree = SOURCE_ROOT; };
		9B044DA8B4BAD4ADFEC1CBA5 /* MBMicroblinkModule.m */ = {isa = PBXFileReference; lastKnownFileType = sourcecode.c.objc; name = MBMicroblinkModule.m; path = MicroblinkModule/MBMicroblinkModule.m; sourceTree = SOURCE_ROOT; };
		A27CCA2B1E9E57A500BED675 /* libMicroblinkModule.a */ = {isa = PBXFileReference; explicitFileType = archive.ar; includeInIndex = 0; path = libMicroblinkModule.a; sourceTree = BUILT_PRODUCTS_DIR; };
		A27CCA381E9E57C900BED675 /* AudioToolbox.framework */ = {isa = PBXFileReference; lastKnownFileType = wrapper.framework; name = AudioToolbox.framework; path = System/Library/Frameworks/AudioToolbox.framework; sourceTree = SDKROOT; };
		A27CCA3A1E9E57CF00BED675 /* Accelerate.framework */ = {isa = PBXFileReference; lastKnownFileType = wrapper.framework; name = Accelerate.framework; path = System/Library/Frameworks/Accelerate.framework; sourceTree = SDKROOT; };
		A27CCA3C1E9E57D600BED675 /* AVFoundation.framework */ = {isa = PBXFileReference; lastKnownFileType = wrapper.framework; name = AVFoundation.framework; path = System/Library/Frameworks/AVFoundation.framework; sourceTree = SDKROOT; };
		A27CCA3E1E9E57DA00BED675 /* CoreMedia.framework */ = {isa = PBXFileReference; lastKnownFileType = wrapper.framework; name = CoreMedia.framework; path = System/Library/Frameworks/CoreMedia.framework; sourceTree = SDKROOT; };
		A27CCA411E9E5D9400BED675 /* CoreFoundation.framework */ = {isa = PBXFileReference; lastKnownFileType = wrapper.framework; name = CoreFoundation.framework; path = System/Library/Frameworks/CoreFoundation.framework; sourceTree = SDKROOT; };
		A2DD40BEBA7B77E1DCB1D5C1 /* MBUsdlRecognizerWrapper.h */ = {isa = PBXFileReference; lastKnownFileType = sourcecode.c.h; name = MBUsdlRecognizerWrapper.h; path = MicroblinkModule/Recognizers/Wrappers/MBUsdlRecognizerWrapper.h; sourceTree = SOURCE_ROOT; };
		AD814C97B562D96495F1785F /* MBRecognizerWrapper.h */ = {isa = PBXFileReference; lastKnownFileType = sourcecode.c.h; name = MBRecognizerWrapper.h; path = MicroblinkModule/Recognizers/MBRecognizerWrapper.h; sourceTree = SOURCE_ROOT; };
		B74F4AB9B97384F1CFCD600D /* MBRecognizerSerializers.h */ = {isa = PBXFileReference; lastKnownFileType = sourcecode.c.h; name = MBRecognizerSerializers.h; path = MicroblinkModule/Recognizers/MBRecognizerSerializers.h; sourceTree = SOURCE_ROOT; };
		B99D48CB81874689D3E21911 /* MBSuccessFrameGrabberRecognizerWrapper.h */ = {isa = PBXFileReference; lastKnownFileType = sourcecode.c.h; name = MBSuccessFrameGrabberRecognizerWrapper.h; path = MicroblinkModule/Recognizers/Wrappers/MBSuccessFrameGrabberRecognizerWrapper.h; sourceTree = SOURCE_ROOT; };
		BD5C47B3B0B9160CB06EFFE8 /* MBDocumentOverlaySettingsSerialization.h */ = {isa = PBXFileReference; lastKnownFileType = sourcecode.c.h; name = MBDocumentOverlaySettingsSerialization.h; path = MicroblinkModule/Overlays/Serialization/MBDocumentOverlaySettingsSerialization.h; sourceTree = SOURCE_ROOT; };
		CABD44499C604BB734B744F4 /* MBPassportRecognizerWrapper.h */ = {isa = PBXFileReference; lastKnownFileType = sourcecode.c.h; name = MBPassportRecognizerWrapper.h; path = MicroblinkModule/Recognizers/Wrappers/MBPassportRecognizerWrapper.h; sourceTree = SOURCE_ROOT; };
		D356452C81EE046A3A026B71 /* MBSerializationUtils.m */ = {isa = PBXFileReference; lastKnownFileType = sourcecode.c.objc; name = MBSerializationUtils.m; path = MicroblinkModule/MBSerializationUtils.m; sourceTree = SOURCE_ROOT; };
		D5764C8BBB06019A6232D38C /* MBMrtdRecognizerWrapper.m */ = {isa = PBXFileReference; lastKnownFileType = sourcecode.c.objc; name = MBMrtdRecognizerWrapper.m; path = MicroblinkModule/Recognizers/Wrappers/MBMrtdRecognizerWrapper.m; sourceTree = SOURCE_ROOT; };
		D5B14C0C9E0F5C6F4A6F9218 /* MBMrtdRecognizerWrapper.h */ = {isa = PBXFileReference; lastKnownFileType = sourcecode.c.h; name = MBMrtdRecognizerWrapper.h; path = MicroblinkModule/Recognizers/Wrappers/MBMrtdRecognizerWrapper.h; sourceTree = SOURCE_ROOT; };
		D7294175B39AE1426CDA2A74 /* MBBlinkIdOverlaySettingsSerialization.h */ = {isa = PBXFileReference; lastKnownFileType = sourcecode.c.h; name = MBBlinkIdOverlaySettingsSerialization.h; path = MicroblinkModule/Overlays/Serialization/MBBlinkIdOverlaySettingsSerialization.h; sourceTree = SOURCE_ROOT; };
		D7DF44318CE449F55AE29150 /* MBBlinkIdCombinedRecognizerWrapper.m */ = {isa = PBXFileReference; lastKnownFileType = sourcecode.c.objc; name = MBBlinkIdCombinedRecognizerWrapper.m; path = MicroblinkModule/Recognizers/Wrappers/MBBlinkIdCombinedRecognizerWrapper.m; sourceTree = SOURCE_ROOT; };
		DD8D420A8B5628C16222254D /* MBDocumentFaceRecognizerWrapper.h */ = {isa = PBXFileReference; lastKnownFileType = sourcecode.c.h; name = MBDocumentFaceRecognizerWrapper.h; path = MicroblinkModule/Recognizers/Wrappers/MBDocumentFaceRecognizerWrapper.h; sourceTree = SOURCE_ROOT; };
		DE2B4C0FA708FF1C4B1F9E72 /* MBVisaRecognizerWrapper.m */ = {isa = PBXFileReference; lastKnownFileType = sourcecode.c.objc; name = MBVisaRecognizerWrapper.m; path = MicroblinkModule/Recognizers/Wrappers/MBVisaRecognizerWrapper.m; sourceTree = SOURCE_ROOT; };
		EA5E438A90DC90F338EF448D /* MBDocumentFaceRecognizerWrapper.m */ = {isa = PBXFileReference; lastKnownFileType = sourcecode.c.objc; name = MBDocumentFaceRecognizerWrapper.m; path = MicroblinkModule/Recognizers/Wrappers/MBDocumentFaceRecognizerWrapper.m; sourceTree = SOURCE_ROOT; };
		F0F947DDB3911F445CCE68E6 /* MBDocumentVerificationOverlaySettingsSerialization.h */ = {isa = PBXFileReference; lastKnownFileType = sourcecode.c.h; name = MBDocumentVerificationOverlaySettingsSerialization.h; path = MicroblinkModule/Overlays/Serialization/MBDocumentVerificationOverlaySettingsSerialization.h; sourceTree = SOURCE_ROOT; };
		F1194888A92D6AB57F0DC2A2 /* MBUsdlCombinedRecognizerWrapper.m */ = {isa = PBXFileReference; lastKnownFileType = sourcecode.c.objc; name = MBUsdlCombinedRecognizerWrapper.m; path = MicroblinkModule/Recognizers/Wrappers/MBUsdlCombinedRecognizerWrapper.m; sourceTree = SOURCE_ROOT; };
		F486460998BD54B7407CB5A1 /* MBBlinkIdRecognizerWrapper.h */ = {isa = PBXFileReference; lastKnownFileType = sourcecode.c.h; name = MBBlinkIdRecognizerWrapper.h; path = MicroblinkModule/Recognizers/Wrappers/MBBlinkIdRecognizerWrapper.h; sourceTree = SOURCE_ROOT; };
		F8934BCF933B4952EC33E44B /* MBOverlayVCCreator.h */ = {isa = PBXFileReference; lastKnownFileType = sourcecode.c.h; name = MBOverlayVCCreator.h; path = MicroblinkModule/Overlays/MBOverlayVCCreator.h; sourceTree = SOURCE_ROOT; };
/* End PBXFileReference section */

/* Begin PBXFrameworksBuildPhase section */
		A27CCA281E9E57A500BED675 /* Frameworks */ = {
			isa = PBXFrameworksBuildPhase;
			buildActionMask = 2147483647;
			files = (
				A27CCA441E9E5DAE00BED675 /* CoreMedia.framework in Frameworks */,
				A27CCA431E9E5D9900BED675 /* AudioToolbox.framework in Frameworks */,
				A27CCA421E9E5D9400BED675 /* CoreFoundation.framework in Frameworks */,
				A27CCA401E9E5D8D00BED675 /* Accelerate.framework in Frameworks */,
			);
			runOnlyForDeploymentPostprocessing = 0;
		};
/* End PBXFrameworksBuildPhase section */

/* Begin PBXGroup section */
		5EDB4437B114BE146DE2789A /* MicroblinkModule */ = {
			isa = PBXGroup;
			children = (
				80AB4E46A53C5A9C176FADE8 /* MBBlinkIDSerializationUtils.m */,
				775E40EE8D5485F12482DD2A /* Overlays */,
				D356452C81EE046A3A026B71 /* MBSerializationUtils.m */,
				9B044DA8B4BAD4ADFEC1CBA5 /* MBMicroblinkModule.m */,
				9076401E8D0603621D65AB63 /* MBBlinkIDSerializationUtils.h */,
				A29C418EA7D526553039217A /* Recognizers */,
				37204A1A9F7BBCA2D3BCAE41 /* MBMicroblinkModule.h */,
				62EC4424A4C6362AA8C70E56 /* MBSerializationUtils.h */,
			);
			name = MicroblinkModule;
			path = "/Users/juraskrlec/Documents/projects/blinkid-react-native/BlinkID/src/ios/MicroblinkModule/MicroblinkModule";
			sourceTree = "<group>";
		};
		6B374D04ADF8307EA5E54A1D /* Wrappers */ = {
			isa = PBXGroup;
			children = (
				EA5E438A90DC90F338EF448D /* MBDocumentFaceRecognizerWrapper.m */,
				DE2B4C0FA708FF1C4B1F9E72 /* MBVisaRecognizerWrapper.m */,
				1F14446BAEFF5C886A1A9FF4 /* MBBlinkIdCombinedRecognizerWrapper.h */,
				B99D48CB81874689D3E21911 /* MBSuccessFrameGrabberRecognizerWrapper.h */,
				D5764C8BBB06019A6232D38C /* MBMrtdRecognizerWrapper.m */,
				A2DD40BEBA7B77E1DCB1D5C1 /* MBUsdlRecognizerWrapper.h */,
				570A40FBA7A4136402F67DC3 /* MBMrtdCombinedRecognizerWrapper.m */,
				428E4B39814E007D2901DA99 /* MBPassportRecognizerWrapper.m */,
				F1194888A92D6AB57F0DC2A2 /* MBUsdlCombinedRecognizerWrapper.m */,
				F486460998BD54B7407CB5A1 /* MBBlinkIdRecognizerWrapper.h */,
				89774FBE86FCE00A4937580D /* MBVisaRecognizerWrapper.h */,
				DD8D420A8B5628C16222254D /* MBDocumentFaceRecognizerWrapper.h */,
				30184CBE84243F86513A7668 /* MBMrtdCombinedRecognizerWrapper.h */,
				740242BAA4E91C70CE6CFB96 /* MBUsdlRecognizerWrapper.m */,
				D7DF44318CE449F55AE29150 /* MBBlinkIdCombinedRecognizerWrapper.m */,
				54D04BC6A6F32B37936A97CB /* MBSuccessFrameGrabberRecognizerWrapper.m */,
				D5B14C0C9E0F5C6F4A6F9218 /* MBMrtdRecognizerWrapper.h */,
				33A84A5E9DAD2F6E41878372 /* MBBlinkIdRecognizerWrapper.m */,
				371D4C099AF39B41550D36CC /* MBUsdlCombinedRecognizerWrapper.h */,
				CABD44499C604BB734B744F4 /* MBPassportRecognizerWrapper.h */,
			);
			name = Wrappers;
			path = "/Users/juraskrlec/Documents/projects/blinkid-react-native/BlinkID/src/ios/MicroblinkModule/MicroblinkModule/Recognizers/Wrappers";
			sourceTree = "<group>";
		};
		775E40EE8D5485F12482DD2A /* Overlays */ = {
			isa = PBXGroup;
			children = (
				6571424CB83D2E54B8CB815F /* MBOverlaySerializationUtils.m */,
				821D4AC3A43D7B3F50E015FB /* Serialization */,
				F8934BCF933B4952EC33E44B /* MBOverlayVCCreator.h */,
				27874CF4963B8BDC207FB87F /* MBOverlaySettingsSerializers.m */,
				4F7549169E4A9031A21D9135 /* MBOverlaySerializationUtils.h */,
				284843CC8ADD71FE61ABDE51 /* MBOverlayViewControllerDelegate.h */,
				17584FF7B8BEEA43E2046BDC /* MBOverlaySettingsSerializers.h */,
			);
			name = Overlays;
			path = "/Users/juraskrlec/Documents/projects/blinkid-react-native/BlinkID/src/ios/MicroblinkModule/MicroblinkModule/Overlays";
			sourceTree = "<group>";
		};
		821D4AC3A43D7B3F50E015FB /* Serialization */ = {
			isa = PBXGroup;
			children = (
				BD5C47B3B0B9160CB06EFFE8 /* MBDocumentOverlaySettingsSerialization.h */,
				365A452589AFCE4C49C59C54 /* MBDocumentVerificationOverlaySettingsSerialization.m */,
				1C64494C8027A62518DC1CB8 /* MBBlinkIdOverlaySettingsSerialization.m */,
				45AC4137ABA8C52835839CF3 /* MBDocumentOverlaySettingsSerialization.m */,
				77D24E5CA5725E6C2744A467 /* .gitignore */,
				F0F947DDB3911F445CCE68E6 /* MBDocumentVerificationOverlaySettingsSerialization.h */,
				D7294175B39AE1426CDA2A74 /* MBBlinkIdOverlaySettingsSerialization.h */,
			);
			name = Serialization;
			path = "/Users/juraskrlec/Documents/projects/blinkid-react-native/BlinkID/src/ios/MicroblinkModule/MicroblinkModule/Overlays/Serialization";
			sourceTree = "<group>";
		};
		A27CCA221E9E57A500BED675 = {
			isa = PBXGroup;
			children = (
				A27CCA2C1E9E57A500BED675 /* Products */,
				A27CCA371E9E57C900BED675 /* Frameworks */,
				5EDB4437B114BE146DE2789A /* MicroblinkModule */,
			);
			sourceTree = "<group>";
		};
		A27CCA2C1E9E57A500BED675 /* Products */ = {
			isa = PBXGroup;
			children = (
				A27CCA2B1E9E57A500BED675 /* libMicroblinkModule.a */,
			);
			name = Products;
			sourceTree = "<group>";
		};
		A27CCA371E9E57C900BED675 /* Frameworks */ = {
			isa = PBXGroup;
			children = (
				A27CCA411E9E5D9400BED675 /* CoreFoundation.framework */,
				A27CCA3E1E9E57DA00BED675 /* CoreMedia.framework */,
				A27CCA3C1E9E57D600BED675 /* AVFoundation.framework */,
				A27CCA3A1E9E57CF00BED675 /* Accelerate.framework */,
				A27CCA381E9E57C900BED675 /* AudioToolbox.framework */,
			);
			name = Frameworks;
			sourceTree = "<group>";
		};
		A29C418EA7D526553039217A /* Recognizers */ = {
			isa = PBXGroup;
			children = (
				AD814C97B562D96495F1785F /* MBRecognizerWrapper.h */,
				6B374D04ADF8307EA5E54A1D /* Wrappers */,
				B74F4AB9B97384F1CFCD600D /* MBRecognizerSerializers.h */,
				1ACE4C86972DFB21898B466D /* MBRecognizerWrapper.m */,
				705047D1AB5182D797F9B663 /* MBRecognizerSerializers.m */,
			);
			name = Recognizers;
			path = "/Users/juraskrlec/Documents/projects/blinkid-react-native/BlinkID/src/ios/MicroblinkModule/MicroblinkModule/Recognizers";
			sourceTree = "<group>";
		};
/* End PBXGroup section */

/* Begin PBXHeadersBuildPhase section */
		395D40EBB0780186F43A1D9F /* Headers */ = {
			isa = PBXHeadersBuildPhase;
			buildActionMask = 2147483647;
			files = (
				6783421EA7C1C5E28FEE937D /* MBDocumentOverlaySettingsSerialization.h in Headers */,
				1C79465CBC95851519CEBADE /* MBDocumentVerificationOverlaySettingsSerialization.h in Headers */,
				6CC84EFFB35304B147C6B8D3 /* MBBlinkIdOverlaySettingsSerialization.h in Headers */,
				D23D456BB06744AB052A6FE7 /* MBOverlayVCCreator.h in Headers */,
				E1624F98A15B2BF3BCBB634E /* MBOverlaySerializationUtils.h in Headers */,
				CB814A518D573C31689F23B6 /* MBOverlayViewControllerDelegate.h in Headers */,
				B741495D9BDBFE21686AB1C7 /* MBOverlaySettingsSerializers.h in Headers */,
				956044E1A1B3CBC4E612EE56 /* MBBlinkIDSerializationUtils.h in Headers */,
				C1F6459FABDE01823FCD2BFB /* MBRecognizerWrapper.h in Headers */,
				8BA14ABF872B2B49114EB544 /* MBBlinkIdCombinedRecognizerWrapper.h in Headers */,
				86AA4F348B4F58CE59E5F08C /* MBSuccessFrameGrabberRecognizerWrapper.h in Headers */,
				B3AE48ECB407BAFEAC138507 /* MBUsdlRecognizerWrapper.h in Headers */,
				AF234F43B4C0FD01F45D0139 /* MBBlinkIdRecognizerWrapper.h in Headers */,
				D8F84FA5B3792B29B524F87B /* MBVisaRecognizerWrapper.h in Headers */,
				8E004EA7AC3201F2F9FABD5C /* MBDocumentFaceRecognizerWrapper.h in Headers */,
				BB5E4A7D85365D946862C8D1 /* MBMrtdCombinedRecognizerWrapper.h in Headers */,
				F4364508815549F175E21C8A /* MBMrtdRecognizerWrapper.h in Headers */,
				E7F84AEEB5D75F69C07EDD80 /* MBUsdlCombinedRecognizerWrapper.h in Headers */,
				F4BC40B484CE083303516C15 /* MBPassportRecognizerWrapper.h in Headers */,
				D95F45D1B9E03B8EA5EEEF61 /* MBRecognizerSerializers.h in Headers */,
				DA8D4C4CB0FD3F9664C59601 /* MBMicroblinkModule.h in Headers */,
				C3F6462F84FA3A69EC61FF75 /* MBSerializationUtils.h in Headers */,
			);
			runOnlyForDeploymentPostprocessing = 0;
		};
/* End PBXHeadersBuildPhase section */

/* Begin PBXNativeTarget section */
		A27CCA2A1E9E57A500BED675 /* MicroblinkModule */ = {
			isa = PBXNativeTarget;
			buildConfigurationList = A27CCA341E9E57A500BED675 /* Build configuration list for PBXNativeTarget "MicroblinkModule" */;
			buildPhases = (
				A27CCA271E9E57A500BED675 /* Sources */,
				A27CCA281E9E57A500BED675 /* Frameworks */,
				A27CCA291E9E57A500BED675 /* CopyFiles */,
				395D40EBB0780186F43A1D9F /* Headers */,
				317F4D5E97D19C32E3126647 /* Resources */,
			);
			buildRules = (
			);
			dependencies = (
			);
			name = MicroblinkModule;
			productName = BlinkIDReactNative;
			productReference = A27CCA2B1E9E57A500BED675 /* libMicroblinkModule.a */;
			productType = "com.apple.product-type.library.static";
		};
/* End PBXNativeTarget section */

/* Begin PBXProject section */
		A27CCA231E9E57A500BED675 /* Project object */ = {
			isa = PBXProject;
			attributes = {
				LastUpgradeCheck = 830;
				ORGANIZATIONNAME = "Jura Skrlec";
				TargetAttributes = {
					A27CCA2A1E9E57A500BED675 = {
						CreatedOnToolsVersion = 8.3.1;
						DevelopmentTeam = CQTJWP89J7;
						ProvisioningStyle = Automatic;
					};
				};
			};
			buildConfigurationList = A27CCA261E9E57A500BED675 /* Build configuration list for PBXProject "BlinkIDReactNative" */;
			compatibilityVersion = "Xcode 3.2";
			developmentRegion = English;
			hasScannedForEncodings = 0;
			knownRegions = (
				English,
				en,
			);
			mainGroup = A27CCA221E9E57A500BED675;
			productRefGroup = A27CCA2C1E9E57A500BED675 /* Products */;
			projectDirPath = "";
			projectRoot = "";
			targets = (
				A27CCA2A1E9E57A500BED675 /* MicroblinkModule */,
			);
		};
/* End PBXProject section */

/* Begin PBXResourcesBuildPhase section */
		317F4D5E97D19C32E3126647 /* Resources */ = {
			isa = PBXResourcesBuildPhase;
			buildActionMask = 2147483647;
			files = (
				F70E4057919CD02E9285BA50 /* .gitignore in Resources */,
			);
			runOnlyForDeploymentPostprocessing = 0;
		};
/* End PBXResourcesBuildPhase section */

/* Begin PBXSourcesBuildPhase section */
		A27CCA271E9E57A500BED675 /* Sources */ = {
			isa = PBXSourcesBuildPhase;
			buildActionMask = 2147483647;
			files = (
				1A0142868BA72B0AE13E4EB2 /* MBBlinkIDSerializationUtils.m in Sources */,
				18CA4041874D0B3D6344E16B /* MBOverlaySerializationUtils.m in Sources */,
				1FFF4E99AE04DB71BA29480D /* MBDocumentVerificationOverlaySettingsSerialization.m in Sources */,
				4FFA454C9B8C6A6174A16455 /* MBBlinkIdOverlaySettingsSerialization.m in Sources */,
				7ADA40978856D2F1902D6764 /* MBDocumentOverlaySettingsSerialization.m in Sources */,
				885343B5979B66365962075E /* MBOverlaySettingsSerializers.m in Sources */,
				F16248EC8DA0EDE4A66F593C /* MBSerializationUtils.m in Sources */,
				E7E3439EB1C1A75602F5ADBD /* MBMicroblinkModule.m in Sources */,
				4D1A4E95BB09E2347A19A70A /* MBDocumentFaceRecognizerWrapper.m in Sources */,
				4C764F55B3DBF492808880F2 /* MBVisaRecognizerWrapper.m in Sources */,
				BA344DC0A1832E41885858BC /* MBMrtdRecognizerWrapper.m in Sources */,
				67EB4441A8F36E405BE6DA81 /* MBMrtdCombinedRecognizerWrapper.m in Sources */,
				F81943B2832DBEFCCEA00391 /* MBPassportRecognizerWrapper.m in Sources */,
				EB56467D9B235340FC727F75 /* MBUsdlCombinedRecognizerWrapper.m in Sources */,
				140E4EC5960AC20C611F3DE1 /* MBUsdlRecognizerWrapper.m in Sources */,
				A7E646D5AFD2C0D627DDAAEB /* MBBlinkIdCombinedRecognizerWrapper.m in Sources */,
				51B94D729123F72C580B2CCB /* MBSuccessFrameGrabberRecognizerWrapper.m in Sources */,
				7F604A8E97898411246106A7 /* MBBlinkIdRecognizerWrapper.m in Sources */,
				C9334706A41E520FD3DC5943 /* MBRecognizerWrapper.m in Sources */,
				EA13430495ED0EECC3EE79E2 /* MBRecognizerSerializers.m in Sources */,
			);
			runOnlyForDeploymentPostprocessing = 0;
		};
/* End PBXSourcesBuildPhase section */

/* Begin XCBuildConfiguration section */
		A27CCA321E9E57A500BED675 /* Debug */ = {
			isa = XCBuildConfiguration;
			buildSettings = {
				ALWAYS_SEARCH_USER_PATHS = NO;
				CLANG_ANALYZER_NONNULL = YES;
				CLANG_ANALYZER_NUMBER_OBJECT_CONVERSION = YES_AGGRESSIVE;
				CLANG_CXX_LANGUAGE_STANDARD = "gnu++0x";
				CLANG_CXX_LIBRARY = "libc++";
				CLANG_ENABLE_MODULES = YES;
				CLANG_ENABLE_OBJC_ARC = YES;
				CLANG_WARN_BOOL_CONVERSION = YES;
				CLANG_WARN_CONSTANT_CONVERSION = YES;
				CLANG_WARN_DIRECT_OBJC_ISA_USAGE = YES_ERROR;
				CLANG_WARN_DOCUMENTATION_COMMENTS = YES;
				CLANG_WARN_EMPTY_BODY = YES;
				CLANG_WARN_ENUM_CONVERSION = YES;
				CLANG_WARN_INFINITE_RECURSION = YES;
				CLANG_WARN_INT_CONVERSION = YES;
				CLANG_WARN_OBJC_ROOT_CLASS = YES_ERROR;
				CLANG_WARN_SUSPICIOUS_MOVE = YES;
				CLANG_WARN_UNREACHABLE_CODE = YES;
				CLANG_WARN__DUPLICATE_METHOD_MATCH = YES;
				"CODE_SIGN_IDENTITY[sdk=iphoneos*]" = "iPhone Developer";
				COPY_PHASE_STRIP = NO;
				DEBUG_INFORMATION_FORMAT = dwarf;
				ENABLE_STRICT_OBJC_MSGSEND = YES;
				ENABLE_TESTABILITY = YES;
				FRAMEWORK_SEARCH_PATHS = "/Users/juraskrlec/Documents/projects/blinkid-react-native-custom/blinkid-react-native/BlinkIDReactNative/ios/Pods/PPBlinkID";
				GCC_C_LANGUAGE_STANDARD = gnu99;
				GCC_DYNAMIC_NO_PIC = NO;
				GCC_NO_COMMON_BLOCKS = YES;
				GCC_OPTIMIZATION_LEVEL = 0;
				GCC_PREPROCESSOR_DEFINITIONS = (
					"DEBUG=1",
					"$(inherited)",
				);
				GCC_WARN_64_TO_32_BIT_CONVERSION = YES;
				GCC_WARN_ABOUT_RETURN_TYPE = YES_ERROR;
				GCC_WARN_UNDECLARED_SELECTOR = YES;
				GCC_WARN_UNINITIALIZED_AUTOS = YES_AGGRESSIVE;
				GCC_WARN_UNUSED_FUNCTION = YES;
				GCC_WARN_UNUSED_VARIABLE = YES;
				IPHONEOS_DEPLOYMENT_TARGET = 10.3;
				MTL_ENABLE_DEBUG_INFO = YES;
				ONLY_ACTIVE_ARCH = YES;
				SDKROOT = iphoneos;
			};
			name = Debug;
		};
		A27CCA331E9E57A500BED675 /* Release */ = {
			isa = XCBuildConfiguration;
			buildSettings = {
				ALWAYS_SEARCH_USER_PATHS = NO;
				CLANG_ANALYZER_NONNULL = YES;
				CLANG_ANALYZER_NUMBER_OBJECT_CONVERSION = YES_AGGRESSIVE;
				CLANG_CXX_LANGUAGE_STANDARD = "gnu++0x";
				CLANG_CXX_LIBRARY = "libc++";
				CLANG_ENABLE_MODULES = YES;
				CLANG_ENABLE_OBJC_ARC = YES;
				CLANG_WARN_BOOL_CONVERSION = YES;
				CLANG_WARN_CONSTANT_CONVERSION = YES;
				CLANG_WARN_DIRECT_OBJC_ISA_USAGE = YES_ERROR;
				CLANG_WARN_DOCUMENTATION_COMMENTS = YES;
				CLANG_WARN_EMPTY_BODY = YES;
				CLANG_WARN_ENUM_CONVERSION = YES;
				CLANG_WARN_INFINITE_RECURSION = YES;
				CLANG_WARN_INT_CONVERSION = YES;
				CLANG_WARN_OBJC_ROOT_CLASS = YES_ERROR;
				CLANG_WARN_SUSPICIOUS_MOVE = YES;
				CLANG_WARN_UNREACHABLE_CODE = YES;
				CLANG_WARN__DUPLICATE_METHOD_MATCH = YES;
				"CODE_SIGN_IDENTITY[sdk=iphoneos*]" = "iPhone Developer";
				COPY_PHASE_STRIP = NO;
				DEBUG_INFORMATION_FORMAT = "dwarf-with-dsym";
				ENABLE_NS_ASSERTIONS = NO;
				ENABLE_STRICT_OBJC_MSGSEND = YES;
				FRAMEWORK_SEARCH_PATHS = "/Users/juraskrlec/Documents/projects/blinkid-react-native-custom/blinkid-react-native/BlinkIDReactNative/ios/Pods/PPBlinkID";
				GCC_C_LANGUAGE_STANDARD = gnu99;
				GCC_NO_COMMON_BLOCKS = YES;
				GCC_WARN_64_TO_32_BIT_CONVERSION = YES;
				GCC_WARN_ABOUT_RETURN_TYPE = YES_ERROR;
				GCC_WARN_UNDECLARED_SELECTOR = YES;
				GCC_WARN_UNINITIALIZED_AUTOS = YES_AGGRESSIVE;
				GCC_WARN_UNUSED_FUNCTION = YES;
				GCC_WARN_UNUSED_VARIABLE = YES;
				IPHONEOS_DEPLOYMENT_TARGET = 10.3;
				MTL_ENABLE_DEBUG_INFO = NO;
				SDKROOT = iphoneos;
				VALIDATE_PRODUCT = YES;
			};
			name = Release;
		};
		A27CCA351E9E57A500BED675 /* Debug */ = {
			isa = XCBuildConfiguration;
			buildSettings = {
				DEVELOPMENT_TEAM = CQTJWP89J7;
				FRAMEWORK_SEARCH_PATHS = (
					"$(inherited)",
					"$(PODS_ROOT)/PPBlinkID",
					"$(SRCROOT)/../../../../../ios/**",
					"$(PROJECT_DIR)",
				);
				HEADER_SEARCH_PATHS = (
					"$(SRCROOT)/../../node_modules/react-native/React",
					"$(SRCROOT)/../../node_modules/react-native/ReactCommon",
					"${PODS_ROOT}/Headers/Public/React",
					"${PODS_ROOT}/Headers/Public/yoga",
					"${PODS_ROOT}/Headers/Public",
				);
				IPHONEOS_DEPLOYMENT_TARGET = 8.0;
				LIBRARY_SEARCH_PATHS = (
					"$(SRCROOT)/MicroblinkModule",
					"$(SRCROOT)/MicroblinkModule/Overlays",
					"$(SRCROOT)/MicroblinkModule/Overlays/Serialization",
					"$(SRCROOT)/MicroblinkModule/Recognizers",
					"$(SRCROOT)/MicroblinkModule/Recognizers/Wrappers",
				);
				OTHER_LDFLAGS = (
					"-ObjC",
					"-liconv",
					"-lc++",
					"-lz",
				);
				PODS_ROOT = "${SRCROOT}/../../../../../ios/Pods";
				PRODUCT_NAME = "$(TARGET_NAME)";
				SKIP_INSTALL = YES;
			};
			name = Debug;
		};
		A27CCA361E9E57A500BED675 /* Release */ = {
			isa = XCBuildConfiguration;
			buildSettings = {
				DEVELOPMENT_TEAM = CQTJWP89J7;
				FRAMEWORK_SEARCH_PATHS = (
					"$(inherited)",
					"$(PODS_ROOT)/PPBlinkID",
					"$(SRCROOT)/../../../../../ios/**",
					"$(PROJECT_DIR)",
				);
				HEADER_SEARCH_PATHS = (
					"$(SRCROOT)/../../node_modules/react-native/React",
					"$(SRCROOT)/../../node_modules/react-native/ReactCommon",
					"${PODS_ROOT}/Headers/Public/React",
					"${PODS_ROOT}/Headers/Public/yoga",
					"${PODS_ROOT}/Headers/Public",
				);
				IPHONEOS_DEPLOYMENT_TARGET = 8.0;
				LIBRARY_SEARCH_PATHS = (
					"$(SRCROOT)/MicroblinkModule",
					"$(SRCROOT)/MicroblinkModule/Overlays",
					"$(SRCROOT)/MicroblinkModule/Overlays/Serialization",
					"$(SRCROOT)/MicroblinkModule/Recognizers",
					"$(SRCROOT)/MicroblinkModule/Recognizers/Wrappers",
				);
				OTHER_LDFLAGS = (
					"-ObjC",
					"-liconv",
					"-lc++",
					"-lz",
				);
				PODS_ROOT = "${SRCROOT}/../../../../../ios/Pods";
				PRODUCT_NAME = "$(TARGET_NAME)";
				SKIP_INSTALL = YES;
			};
			name = Release;
		};
/* End XCBuildConfiguration section */

/* Begin XCConfigurationList section */
		A27CCA261E9E57A500BED675 /* Build configuration list for PBXProject "BlinkIDReactNative" */ = {
			isa = XCConfigurationList;
			buildConfigurations = (
				A27CCA321E9E57A500BED675 /* Debug */,
				A27CCA331E9E57A500BED675 /* Release */,
			);
			defaultConfigurationIsVisible = 0;
			defaultConfigurationName = Release;
		};
		A27CCA341E9E57A500BED675 /* Build configuration list for PBXNativeTarget "MicroblinkModule" */ = {
			isa = XCConfigurationList;
			buildConfigurations = (
				A27CCA351E9E57A500BED675 /* Debug */,
				A27CCA361E9E57A500BED675 /* Release */,
			);
			defaultConfigurationIsVisible = 0;
			defaultConfigurationName = Release;
		};
/* End XCConfigurationList section */
	};
	rootObject = A27CCA231E9E57A500BED675 /* Project object */;
}

